// !$*UTF8*$!
{
	archiveVersion = 1;
	classes = {
	};
	objectVersion = 60;
	objects = {

/* Begin PBXBuildFile section */
		2FAD9763203C412B000D30F8 /* config.xml in Resources */ = {isa = PBXBuildFile; fileRef = 2FAD9762203C412B000D30F8 /* config.xml */; };
		40F1B0201C1A9868A2C05D24 /* NotificationService.swift in Sources */ = {isa = PBXBuildFile; fileRef = EA65565007F3F68122E20447 /* NotificationService.swift */; };
		4D22ABE92AF431CB00220026 /* CapApp-SPM in Frameworks */ = {isa = PBXBuildFile; productRef = 4D22ABE82AF431CB00220026 /* CapApp-SPM */; };
		50379B232058CBB4000EE86E /* capacitor.config.json in Resources */ = {isa = PBXBuildFile; fileRef = 50379B222058CBB4000EE86E /* capacitor.config.json */; };
		504EC3081FED79650016851F /* AppDelegate.swift in Sources */ = {isa = PBXBuildFile; fileRef = 504EC3071FED79650016851F /* AppDelegate.swift */; };
		504EC30D1FED79650016851F /* Main.storyboard in Resources */ = {isa = PBXBuildFile; fileRef = 504EC30B1FED79650016851F /* Main.storyboard */; };
		504EC30F1FED79650016851F /* Assets.xcassets in Resources */ = {isa = PBXBuildFile; fileRef = 504EC30E1FED79650016851F /* Assets.xcassets */; };
		504EC3121FED79650016851F /* LaunchScreen.storyboard in Resources */ = {isa = PBXBuildFile; fileRef = 504EC3101FED79650016851F /* LaunchScreen.storyboard */; };
		50B271D11FEDC1A000F3C39B /* public in Resources */ = {isa = PBXBuildFile; fileRef = 50B271D01FEDC1A000F3C39B /* public */; };
		7A11C0DE0000000000000002 /* ViewController.swift in Sources */ = {isa = PBXBuildFile; fileRef = 7A11C0DE0000000000000001 /* ViewController.swift */; };
		7A11C0DE0000000000000004 /* PageThemePlugin.swift in Sources */ = {isa = PBXBuildFile; fileRef = 7A11C0DE0000000000000003 /* PageThemePlugin.swift */; };
		7A11C0DE0000000000000007 /* ForegroundNotificationsPlugin.swift in Sources */ = {isa = PBXBuildFile; fileRef = 7A11C0DE0000000000000006 /* ForegroundNotificationsPlugin.swift */; };
		8F14CD9C60B4AE0FFED91353 /* Foundation.framework in Frameworks */ = {isa = PBXBuildFile; fileRef = 5A7878208FA6F07A70F4ED06 /* Foundation.framework */; };
		9582B6832FE993A70072D4E8 /* SceneDelegate.swift in Sources */ = {isa = PBXBuildFile; fileRef = 9582B6822FE993A50072D4E8 /* SceneDelegate.swift */; };
		AE2245D8427D10B1198E00DE /* NotificationService.appex in Embed Foundation Extensions */ = {isa = PBXBuildFile; fileRef = C4703789FF4E0A8EC43E57CD /* NotificationService.appex */; settings = {ATTRIBUTES = (RemoveHeadersOnCopy, ); }; };
		7A11C0DE0000000000000111 /* AttendanceWidgetStore.swift in Sources */ = {isa = PBXBuildFile; fileRef = 7A11C0DE0000000000000101 /* AttendanceWidgetStore.swift */; };
		7A11C0DE0000000000000114 /* AttendanceWidgetPlugin.swift in Sources */ = {isa = PBXBuildFile; fileRef = 7A11C0DE0000000000000104 /* AttendanceWidgetPlugin.swift */; };
		7A11C0DE0000000000000121 /* AttendanceWidgetStore.swift in Sources */ = {isa = PBXBuildFile; fileRef = 7A11C0DE0000000000000101 /* AttendanceWidgetStore.swift */; };
		7A11C0DE0000000000000122 /* AttendanceAPI.swift in Sources */ = {isa = PBXBuildFile; fileRef = 7A11C0DE0000000000000102 /* AttendanceAPI.swift */; };
		7A11C0DE0000000000000123 /* AttendanceToday.swift in Sources */ = {isa = PBXBuildFile; fileRef = 7A11C0DE0000000000000103 /* AttendanceToday.swift */; };
		7A11C0DE0000000000000124 /* AttendanceWidgetBundle.swift in Sources */ = {isa = PBXBuildFile; fileRef = 7A11C0DE0000000000000105 /* AttendanceWidgetBundle.swift */; };
		7A11C0DE0000000000000125 /* AttendanceWidgetProvider.swift in Sources */ = {isa = PBXBuildFile; fileRef = 7A11C0DE0000000000000106 /* AttendanceWidgetProvider.swift */; };
		7A11C0DE0000000000000126 /* AttendanceWidgetView.swift in Sources */ = {isa = PBXBuildFile; fileRef = 7A11C0DE0000000000000107 /* AttendanceWidgetView.swift */; };
		7A11C0DE0000000000000127 /* AttendanceWidgetIntents.swift in Sources */ = {isa = PBXBuildFile; fileRef = 7A11C0DE0000000000000108 /* AttendanceWidgetIntents.swift */; };
		7A11C0DE0000000000000131 /* AttendanceWidgetExtension.appex in Embed Foundation Extensions */ = {isa = PBXBuildFile; fileRef = 7A11C0DE000000000000010B /* AttendanceWidgetExtension.appex */; settings = {ATTRIBUTES = (RemoveHeadersOnCopy, ); }; };
		7A11C0DE0000000000000128 /* Localizable.xcstrings in Resources */ = {isa = PBXBuildFile; fileRef = 7A11C0DE000000000000010C /* Localizable.xcstrings */; };
		7A11C0DE0000000000000129 /* AttendanceRefusal.swift in Sources */ = {isa = PBXBuildFile; fileRef = 7A11C0DE000000000000010D /* AttendanceRefusal.swift */; };
		7A11C0DE000000000000012D /* AttendanceLocationChoice.swift in Sources */ = {isa = PBXBuildFile; fileRef = 7A11C0DE0000000000000113 /* AttendanceLocationChoice.swift */; };
		7A11C0DE000000000000012E /* AttendanceLocationPicker.swift in Sources */ = {isa = PBXBuildFile; fileRef = 7A11C0DE0000000000000119 /* AttendanceLocationPicker.swift */; };
		7A11C0DE0000000000000115 /* AttendanceActivityAttributes.swift in Sources */ = {isa = PBXBuildFile; fileRef = 7A11C0DE000000000000010E /* AttendanceActivityAttributes.swift */; };
		7A11C0DE000000000000012A /* AttendanceActivityAttributes.swift in Sources */ = {isa = PBXBuildFile; fileRef = 7A11C0DE000000000000010E /* AttendanceActivityAttributes.swift */; };
		7A11C0DE0000000000000118 /* AttendanceLockScreenCards.swift in Sources */ = {isa = PBXBuildFile; fileRef = 7A11C0DE0000000000000112 /* AttendanceLockScreenCards.swift */; };
		7A11C0DE000000000000012C /* AttendanceLockScreenCards.swift in Sources */ = {isa = PBXBuildFile; fileRef = 7A11C0DE0000000000000112 /* AttendanceLockScreenCards.swift */; };
		7A11C0DE000000000000012B /* AttendanceLiveActivity.swift in Sources */ = {isa = PBXBuildFile; fileRef = 7A11C0DE000000000000010F /* AttendanceLiveActivity.swift */; };
		7A11C0DE0000000000000116 /* AttendanceActivityPlugin.swift in Sources */ = {isa = PBXBuildFile; fileRef = 7A11C0DE0000000000000110 /* AttendanceActivityPlugin.swift */; };
		7A11C0DE0000000000000211 /* AttendanceTodayCasesTests.swift in Sources */ = {isa = PBXBuildFile; fileRef = 7A11C0DE0000000000000201 /* AttendanceTodayCasesTests.swift */; };
		7A11C0DE0000000000000212 /* AttendanceToday.swift in Sources */ = {isa = PBXBuildFile; fileRef = 7A11C0DE0000000000000103 /* AttendanceToday.swift */; };
		7A11C0DE0000000000000213 /* AttendanceAPI.swift in Sources */ = {isa = PBXBuildFile; fileRef = 7A11C0DE0000000000000102 /* AttendanceAPI.swift */; };
		7A11C0DE0000000000000214 /* AttendanceWidgetStore.swift in Sources */ = {isa = PBXBuildFile; fileRef = 7A11C0DE0000000000000101 /* AttendanceWidgetStore.swift */; };
		7A11C0DE0000000000000215 /* attendance-today-cases.json in Resources */ = {isa = PBXBuildFile; fileRef = 7A11C0DE0000000000000202 /* attendance-today-cases.json */; };
		7A11C0DE000000000000012F /* AttendanceWorkplaceEntity.swift in Sources */ = {isa = PBXBuildFile; fileRef = 7A11C0DE000000000000011A /* AttendanceWorkplaceEntity.swift */; };
		7A11C0DE0000000000000130 /* AttendanceDefaultWorkplace.swift in Sources */ = {isa = PBXBuildFile; fileRef = 7A11C0DE000000000000011B /* AttendanceDefaultWorkplace.swift */; };
		7A11C0DE0000000000000216 /* AttendanceDefaultWorkplace.swift in Sources */ = {isa = PBXBuildFile; fileRef = 7A11C0DE000000000000011B /* AttendanceDefaultWorkplace.swift */; };
		7A11C0DE0000000000000217 /* AttendanceDefaultWorkplaceTests.swift in Sources */ = {isa = PBXBuildFile; fileRef = 7A11C0DE000000000000011C /* AttendanceDefaultWorkplaceTests.swift */; };
		7A11C0DE0000000000000219 /* AttendanceActivityAttributes.swift in Sources */ = {isa = PBXBuildFile; fileRef = 7A11C0DE000000000000010E /* AttendanceActivityAttributes.swift */; };
		7A11C0DE000000000000021B /* AttendanceActivityStateTests.swift in Sources */ = {isa = PBXBuildFile; fileRef = 7A11C0DE000000000000021A /* AttendanceActivityStateTests.swift */; };
		7A11C0DE0000000000000218 /* AttendanceWorkplaceEntity.swift in Sources */ = {isa = PBXBuildFile; fileRef = 7A11C0DE000000000000011A /* AttendanceWorkplaceEntity.swift */; };
		7A11C0DE0000000000000302 /* AttendanceWidgetCache.swift in Sources */ = {isa = PBXBuildFile; fileRef = 7A11C0DE0000000000000301 /* AttendanceWidgetCache.swift */; };
		7A11C0DE0000000000000303 /* AttendanceWidgetCache.swift in Sources */ = {isa = PBXBuildFile; fileRef = 7A11C0DE0000000000000301 /* AttendanceWidgetCache.swift */; };
		7A11C0DE0000000000000305 /* AttendanceWidgetCacheTests.swift in Sources */ = {isa = PBXBuildFile; fileRef = 7A11C0DE0000000000000304 /* AttendanceWidgetCacheTests.swift */; };
/* End PBXBuildFile section */

/* Begin PBXContainerItemProxy section */
		2447252073DBA29F712DFC1A /* PBXContainerItemProxy */ = {
			isa = PBXContainerItemProxy;
			containerPortal = 504EC2FC1FED79650016851F /* Project object */;
			proxyType = 1;
			remoteGlobalIDString = 5AE968BBFCAB542E138A7DB8;
			remoteInfo = NotificationService;
		};
		7A11C0DE0000000000000158 /* PBXContainerItemProxy */ = {
			isa = PBXContainerItemProxy;
			containerPortal = 504EC2FC1FED79650016851F /* Project object */;
			proxyType = 1;
			remoteGlobalIDString = 7A11C0DE0000000000000150;
			remoteInfo = AttendanceWidgetExtension;
		};
/* End PBXContainerItemProxy section */

/* Begin PBXCopyFilesBuildPhase section */
		AA3C98F6D2C4148458D8770D /* Embed Foundation Extensions */ = {
			isa = PBXCopyFilesBuildPhase;
			buildActionMask = 2147483647;
			dstPath = "";
			dstSubfolderSpec = 13;
			files = (
				AE2245D8427D10B1198E00DE /* NotificationService.appex in Embed Foundation Extensions */,
				7A11C0DE0000000000000131 /* AttendanceWidgetExtension.appex in Embed Foundation Extensions */,
			);
			name = "Embed Foundation Extensions";
			runOnlyForDeploymentPostprocessing = 0;
		};
/* End PBXCopyFilesBuildPhase section */

/* Begin PBXFileReference section */
		2FAD9762203C412B000D30F8 /* config.xml */ = {isa = PBXFileReference; lastKnownFileType = text.xml; path = config.xml; sourceTree = "<group>"; };
		50379B222058CBB4000EE86E /* capacitor.config.json */ = {isa = PBXFileReference; fileEncoding = 4; lastKnownFileType = text.json; path = capacitor.config.json; sourceTree = "<group>"; };
		504EC3041FED79650016851F /* App.app */ = {isa = PBXFileReference; explicitFileType = wrapper.application; includeInIndex = 0; path = App.app; sourceTree = BUILT_PRODUCTS_DIR; };
		504EC3071FED79650016851F /* AppDelegate.swift */ = {isa = PBXFileReference; lastKnownFileType = sourcecode.swift; path = AppDelegate.swift; sourceTree = "<group>"; };
		504EC30C1FED79650016851F /* Base */ = {isa = PBXFileReference; lastKnownFileType = file.storyboard; name = Base; path = Base.lproj/Main.storyboard; sourceTree = "<group>"; };
		504EC30E1FED79650016851F /* Assets.xcassets */ = {isa = PBXFileReference; lastKnownFileType = folder.assetcatalog; path = Assets.xcassets; sourceTree = "<group>"; };
		504EC3111FED79650016851F /* Base */ = {isa = PBXFileReference; lastKnownFileType = file.storyboard; name = Base; path = Base.lproj/LaunchScreen.storyboard; sourceTree = "<group>"; };
		504EC3131FED79650016851F /* Info.plist */ = {isa = PBXFileReference; lastKnownFileType = text.plist.xml; path = Info.plist; sourceTree = "<group>"; };
		50B271D01FEDC1A000F3C39B /* public */ = {isa = PBXFileReference; lastKnownFileType = folder; path = public; sourceTree = "<group>"; };
		5A7878208FA6F07A70F4ED06 /* Foundation.framework */ = {isa = PBXFileReference; lastKnownFileType = wrapper.framework; name = Foundation.framework; path = Platforms/iPhoneOS.platform/Developer/SDKs/iPhoneOS26.0.sdk/System/Library/Frameworks/Foundation.framework; sourceTree = DEVELOPER_DIR; };
		7A11C0DE0000000000000001 /* ViewController.swift */ = {isa = PBXFileReference; lastKnownFileType = sourcecode.swift; path = ViewController.swift; sourceTree = "<group>"; };
		7A11C0DE0000000000000003 /* PageThemePlugin.swift */ = {isa = PBXFileReference; lastKnownFileType = sourcecode.swift; path = PageThemePlugin.swift; sourceTree = "<group>"; };
		7A11C0DE0000000000000005 /* App.entitlements */ = {isa = PBXFileReference; lastKnownFileType = text.plist.entitlements; path = App.entitlements; sourceTree = "<group>"; };
		7A11C0DE0000000000000006 /* ForegroundNotificationsPlugin.swift */ = {isa = PBXFileReference; lastKnownFileType = sourcecode.swift; path = ForegroundNotificationsPlugin.swift; sourceTree = "<group>"; };
		9582B6822FE993A50072D4E8 /* SceneDelegate.swift */ = {isa = PBXFileReference; lastKnownFileType = sourcecode.swift; path = SceneDelegate.swift; sourceTree = "<group>"; };
		958DCC722DB07C7200EA8C5F /* debug.xcconfig */ = {isa = PBXFileReference; lastKnownFileType = text.xcconfig; name = debug.xcconfig; path = ../debug.xcconfig; sourceTree = SOURCE_ROOT; };
		9E1817D8068EAA66FA237706 /* Info.plist */ = {isa = PBXFileReference; includeInIndex = 1; lastKnownFileType = text.plist.xml; path = Info.plist; sourceTree = "<group>"; };
		C4703789FF4E0A8EC43E57CD /* NotificationService.appex */ = {isa = PBXFileReference; explicitFileType = "wrapper.app-extension"; includeInIndex = 0; path = NotificationService.appex; sourceTree = BUILT_PRODUCTS_DIR; };
		EA65565007F3F68122E20447 /* NotificationService.swift */ = {isa = PBXFileReference; includeInIndex = 1; lastKnownFileType = sourcecode.swift; path = NotificationService.swift; sourceTree = "<group>"; };
		7A11C0DE0000000000000101 /* AttendanceWidgetStore.swift */ = {isa = PBXFileReference; lastKnownFileType = sourcecode.swift; path = AttendanceWidgetStore.swift; sourceTree = "<group>"; };
		7A11C0DE0000000000000102 /* AttendanceAPI.swift */ = {isa = PBXFileReference; lastKnownFileType = sourcecode.swift; path = AttendanceAPI.swift; sourceTree = "<group>"; };
		7A11C0DE0000000000000103 /* AttendanceToday.swift */ = {isa = PBXFileReference; lastKnownFileType = sourcecode.swift; path = AttendanceToday.swift; sourceTree = "<group>"; };
		7A11C0DE0000000000000104 /* AttendanceWidgetPlugin.swift */ = {isa = PBXFileReference; lastKnownFileType = sourcecode.swift; path = AttendanceWidgetPlugin.swift; sourceTree = "<group>"; };
		7A11C0DE0000000000000105 /* AttendanceWidgetBundle.swift */ = {isa = PBXFileReference; lastKnownFileType = sourcecode.swift; path = AttendanceWidgetBundle.swift; sourceTree = "<group>"; };
		7A11C0DE0000000000000106 /* AttendanceWidgetProvider.swift */ = {isa = PBXFileReference; lastKnownFileType = sourcecode.swift; path = AttendanceWidgetProvider.swift; sourceTree = "<group>"; };
		7A11C0DE0000000000000107 /* AttendanceWidgetView.swift */ = {isa = PBXFileReference; lastKnownFileType = sourcecode.swift; path = AttendanceWidgetView.swift; sourceTree = "<group>"; };
		7A11C0DE0000000000000108 /* AttendanceWidgetIntents.swift */ = {isa = PBXFileReference; lastKnownFileType = sourcecode.swift; path = AttendanceWidgetIntents.swift; sourceTree = "<group>"; };
		7A11C0DE0000000000000109 /* Info.plist */ = {isa = PBXFileReference; includeInIndex = 1; lastKnownFileType = text.plist.xml; path = Info.plist; sourceTree = "<group>"; };
		7A11C0DE000000000000010A /* AttendanceWidget.entitlements */ = {isa = PBXFileReference; lastKnownFileType = text.plist.entitlements; path = AttendanceWidget.entitlements; sourceTree = "<group>"; };
		7A11C0DE000000000000010B /* AttendanceWidgetExtension.appex */ = {isa = PBXFileReference; explicitFileType = "wrapper.app-extension"; includeInIndex = 0; path = AttendanceWidgetExtension.appex; sourceTree = BUILT_PRODUCTS_DIR; };
		7A11C0DE000000000000010C /* Localizable.xcstrings */ = {isa = PBXFileReference; lastKnownFileType = text.json.xcstrings; path = Localizable.xcstrings; sourceTree = "<group>"; };
		7A11C0DE000000000000010D /* AttendanceRefusal.swift */ = {isa = PBXFileReference; lastKnownFileType = sourcecode.swift; path = AttendanceRefusal.swift; sourceTree = "<group>"; };
		7A11C0DE0000000000000113 /* AttendanceLocationChoice.swift */ = {isa = PBXFileReference; lastKnownFileType = sourcecode.swift; path = AttendanceLocationChoice.swift; sourceTree = "<group>"; };
		7A11C0DE0000000000000119 /* AttendanceLocationPicker.swift */ = {isa = PBXFileReference; lastKnownFileType = sourcecode.swift; path = AttendanceLocationPicker.swift; sourceTree = "<group>"; };
		7A11C0DE000000000000010E /* AttendanceActivityAttributes.swift */ = {isa = PBXFileReference; lastKnownFileType = sourcecode.swift; path = AttendanceActivityAttributes.swift; sourceTree = "<group>"; };
		7A11C0DE0000000000000112 /* AttendanceLockScreenCards.swift */ = {isa = PBXFileReference; lastKnownFileType = sourcecode.swift; path = AttendanceLockScreenCards.swift; sourceTree = "<group>"; };
		7A11C0DE000000000000010F /* AttendanceLiveActivity.swift */ = {isa = PBXFileReference; lastKnownFileType = sourcecode.swift; path = AttendanceLiveActivity.swift; sourceTree = "<group>"; };
		7A11C0DE0000000000000110 /* AttendanceActivityPlugin.swift */ = {isa = PBXFileReference; lastKnownFileType = sourcecode.swift; path = AttendanceActivityPlugin.swift; sourceTree = "<group>"; };
		7A11C0DE0000000000000201 /* AttendanceTodayCasesTests.swift */ = {isa = PBXFileReference; lastKnownFileType = sourcecode.swift; path = AttendanceTodayCasesTests.swift; sourceTree = "<group>"; };
		7A11C0DE000000000000021A /* AttendanceActivityStateTests.swift */ = {isa = PBXFileReference; lastKnownFileType = sourcecode.swift; path = AttendanceActivityStateTests.swift; sourceTree = "<group>"; };
		7A11C0DE0000000000000202 /* attendance-today-cases.json */ = {isa = PBXFileReference; lastKnownFileType = text.json; name = "attendance-today-cases.json"; path = "../../tests/fixtures/attendance-today-cases.json"; sourceTree = SOURCE_ROOT; };
		7A11C0DE0000000000000203 /* AttendanceWidgetTests.xctest */ = {isa = PBXFileReference; explicitFileType = wrapper.cfbundle; includeInIndex = 0; path = AttendanceWidgetTests.xctest; sourceTree = BUILT_PRODUCTS_DIR; };
		7A11C0DE000000000000011A /* AttendanceWorkplaceEntity.swift */ = {isa = PBXFileReference; lastKnownFileType = sourcecode.swift; path = AttendanceWorkplaceEntity.swift; sourceTree = "<group>"; };
		7A11C0DE000000000000011B /* AttendanceDefaultWorkplace.swift */ = {isa = PBXFileReference; lastKnownFileType = sourcecode.swift; path = AttendanceDefaultWorkplace.swift; sourceTree = "<group>"; };
		7A11C0DE000000000000011C /* AttendanceDefaultWorkplaceTests.swift */ = {isa = PBXFileReference; lastKnownFileType = sourcecode.swift; path = AttendanceDefaultWorkplaceTests.swift; sourceTree = "<group>"; };
		7A11C0DE0000000000000301 /* AttendanceWidgetCache.swift */ = {isa = PBXFileReference; lastKnownFileType = sourcecode.swift; path = AttendanceWidgetCache.swift; sourceTree = "<group>"; };
		7A11C0DE0000000000000304 /* AttendanceWidgetCacheTests.swift */ = {isa = PBXFileReference; lastKnownFileType = sourcecode.swift; path = AttendanceWidgetCacheTests.swift; sourceTree = "<group>"; };
/* End PBXFileReference section */

/* Begin PBXFrameworksBuildPhase section */
		34F8570CDFBD5D5D61463E5A /* Frameworks */ = {
			isa = PBXFrameworksBuildPhase;
			buildActionMask = 2147483647;
			files = (
				8F14CD9C60B4AE0FFED91353 /* Foundation.framework in Frameworks */,
			);
			runOnlyForDeploymentPostprocessing = 0;
		};
		504EC3011FED79650016851F /* Frameworks */ = {
			isa = PBXFrameworksBuildPhase;
			buildActionMask = 2147483647;
			files = (
				4D22ABE92AF431CB00220026 /* CapApp-SPM in Frameworks */,
			);
			runOnlyForDeploymentPostprocessing = 0;
		};
		7A11C0DE0000000000000153 /* Frameworks */ = {
			isa = PBXFrameworksBuildPhase;
			buildActionMask = 2147483647;
			files = (
			);
			runOnlyForDeploymentPostprocessing = 0;
		};
		7A11C0DE0000000000000253 /* Frameworks */ = {
			isa = PBXFrameworksBuildPhase;
			buildActionMask = 2147483647;
			files = (
			);
			runOnlyForDeploymentPostprocessing = 0;
		};
/* End PBXFrameworksBuildPhase section */

/* Begin PBXGroup section */
		40CE0774DA33B04929A5CDD2 /* Frameworks */ = {
			isa = PBXGroup;
			children = (
				EC8C8C56C6ACBC85DBF8F9C6 /* iOS */,
			);
			name = Frameworks;
			sourceTree = "<group>";
		};
		504EC2FB1FED79650016851F = {
			isa = PBXGroup;
			children = (
				958DCC722DB07C7200EA8C5F /* debug.xcconfig */,
				504EC3061FED79650016851F /* App */,
				504EC3051FED79650016851F /* Products */,
				40CE0774DA33B04929A5CDD2 /* Frameworks */,
				5495ECBD43A411B8EB0CA2F2 /* NotificationService */,
				7A11C0DE0000000000000140 /* Shared */,
				7A11C0DE0000000000000141 /* AttendanceWidget */,
				7A11C0DE0000000000000240 /* AttendanceWidgetTests */,
			);
			sourceTree = "<group>";
		};
		504EC3051FED79650016851F /* Products */ = {
			isa = PBXGroup;
			children = (
				504EC3041FED79650016851F /* App.app */,
				C4703789FF4E0A8EC43E57CD /* NotificationService.appex */,
				7A11C0DE000000000000010B /* AttendanceWidgetExtension.appex */,
				7A11C0DE0000000000000203 /* AttendanceWidgetTests.xctest */,
			);
			name = Products;
			sourceTree = "<group>";
		};
		504EC3061FED79650016851F /* App */ = {
			isa = PBXGroup;
			children = (
				9582B6822FE993A50072D4E8 /* SceneDelegate.swift */,
				50379B222058CBB4000EE86E /* capacitor.config.json */,
				504EC3071FED79650016851F /* AppDelegate.swift */,
				7A11C0DE0000000000000005 /* App.entitlements */,
				7A11C0DE0000000000000001 /* ViewController.swift */,
				7A11C0DE0000000000000003 /* PageThemePlugin.swift */,
				7A11C0DE0000000000000006 /* ForegroundNotificationsPlugin.swift */,
				7A11C0DE0000000000000104 /* AttendanceWidgetPlugin.swift */,
				7A11C0DE0000000000000110 /* AttendanceActivityPlugin.swift */,
				504EC30B1FED79650016851F /* Main.storyboard */,
				504EC30E1FED79650016851F /* Assets.xcassets */,
				504EC3101FED79650016851F /* LaunchScreen.storyboard */,
				504EC3131FED79650016851F /* Info.plist */,
				2FAD9762203C412B000D30F8 /* config.xml */,
				50B271D01FEDC1A000F3C39B /* public */,
			);
			path = App;
			sourceTree = "<group>";
		};
		5495ECBD43A411B8EB0CA2F2 /* NotificationService */ = {
			isa = PBXGroup;
			children = (
				EA65565007F3F68122E20447 /* NotificationService.swift */,
				9E1817D8068EAA66FA237706 /* Info.plist */,
			);
			name = NotificationService;
			path = NotificationService;
			sourceTree = "<group>";
		};
		EC8C8C56C6ACBC85DBF8F9C6 /* iOS */ = {
			isa = PBXGroup;
			children = (
				5A7878208FA6F07A70F4ED06 /* Foundation.framework */,
			);
			name = iOS;
			sourceTree = "<group>";
		};
		7A11C0DE0000000000000140 /* Shared */ = {
			isa = PBXGroup;
			children = (
				7A11C0DE0000000000000101 /* AttendanceWidgetStore.swift */,
				7A11C0DE0000000000000102 /* AttendanceAPI.swift */,
				7A11C0DE0000000000000103 /* AttendanceToday.swift */,
				7A11C0DE000000000000010E /* AttendanceActivityAttributes.swift */,
				7A11C0DE0000000000000112 /* AttendanceLockScreenCards.swift */,
				7A11C0DE000000000000011B /* AttendanceDefaultWorkplace.swift */,
				7A11C0DE0000000000000301 /* AttendanceWidgetCache.swift */,
			);
			path = Shared;
			sourceTree = "<group>";
		};
		7A11C0DE0000000000000141 /* AttendanceWidget */ = {
			isa = PBXGroup;
			children = (
				7A11C0DE0000000000000105 /* AttendanceWidgetBundle.swift */,
				7A11C0DE0000000000000106 /* AttendanceWidgetProvider.swift */,
				7A11C0DE0000000000000107 /* AttendanceWidgetView.swift */,
				7A11C0DE0000000000000108 /* AttendanceWidgetIntents.swift */,
				7A11C0DE000000000000010D /* AttendanceRefusal.swift */,
				7A11C0DE0000000000000113 /* AttendanceLocationChoice.swift */,
				7A11C0DE0000000000000119 /* AttendanceLocationPicker.swift */,
				7A11C0DE000000000000010F /* AttendanceLiveActivity.swift */,
				7A11C0DE000000000000011A /* AttendanceWorkplaceEntity.swift */,
				7A11C0DE000000000000010C /* Localizable.xcstrings */,
				7A11C0DE000000000000010A /* AttendanceWidget.entitlements */,
				7A11C0DE0000000000000109 /* Info.plist */,
			);
			path = AttendanceWidget;
			sourceTree = "<group>";
		};
		7A11C0DE0000000000000240 /* AttendanceWidgetTests */ = {
			isa = PBXGroup;
			children = (
				7A11C0DE0000000000000201 /* AttendanceTodayCasesTests.swift */,
				7A11C0DE0000000000000202 /* attendance-today-cases.json */,
				7A11C0DE000000000000011C /* AttendanceDefaultWorkplaceTests.swift */,
				7A11C0DE000000000000021A /* AttendanceActivityStateTests.swift */,
				7A11C0DE0000000000000304 /* AttendanceWidgetCacheTests.swift */,
			);
			path = AttendanceWidgetTests;
			sourceTree = "<group>";
		};
/* End PBXGroup section */

/* Begin PBXNativeTarget section */
		504EC3031FED79650016851F /* App */ = {
			isa = PBXNativeTarget;
			buildConfigurationList = 504EC3161FED79650016851F /* Build configuration list for PBXNativeTarget "App" */;
			buildPhases = (
				504EC3001FED79650016851F /* Sources */,
				504EC3011FED79650016851F /* Frameworks */,
				504EC3021FED79650016851F /* Resources */,
				AA3C98F6D2C4148458D8770D /* Embed Foundation Extensions */,
			);
			buildRules = (
			);
			dependencies = (
				C9F01309AB9F1E4EE8C129EA /* PBXTargetDependency */,
				7A11C0DE0000000000000157 /* PBXTargetDependency */,
			);
			name = App;
			packageProductDependencies = (
				4D22ABE82AF431CB00220026 /* CapApp-SPM */,
			);
			productName = App;
			productReference = 504EC3041FED79650016851F /* App.app */;
			productType = "com.apple.product-type.application";
		};
		5AE968BBFCAB542E138A7DB8 /* NotificationService */ = {
			isa = PBXNativeTarget;
			buildConfigurationList = 01DBE42E82B6122D15EF5CE8 /* Build configuration list for PBXNativeTarget "NotificationService" */;
			buildPhases = (
				0DEFD89FB27683936ADAC728 /* Sources */,
				34F8570CDFBD5D5D61463E5A /* Frameworks */,
				BB496AAE0B8BC7DEE728AAB7 /* Resources */,
			);
			buildRules = (
			);
			dependencies = (
			);
			name = NotificationService;
			productName = NotificationService;
			productReference = C4703789FF4E0A8EC43E57CD /* NotificationService.appex */;
			productType = "com.apple.product-type.app-extension";
		};
		7A11C0DE0000000000000150 /* AttendanceWidgetExtension */ = {
			isa = PBXNativeTarget;
			buildConfigurationList = 7A11C0DE0000000000000151 /* Build configuration list for PBXNativeTarget "AttendanceWidgetExtension" */;
			buildPhases = (
				7A11C0DE0000000000000152 /* Sources */,
				7A11C0DE0000000000000153 /* Frameworks */,
				7A11C0DE0000000000000154 /* Resources */,
			);
			buildRules = (
			);
			dependencies = (
			);
			name = AttendanceWidgetExtension;
			productName = AttendanceWidgetExtension;
			productReference = 7A11C0DE000000000000010B /* AttendanceWidgetExtension.appex */;
			productType = "com.apple.product-type.app-extension";
		};
		7A11C0DE0000000000000250 /* AttendanceWidgetTests */ = {
			isa = PBXNativeTarget;
			buildConfigurationList = 7A11C0DE0000000000000251 /* Build configuration list for PBXNativeTarget "AttendanceWidgetTests" */;
			buildPhases = (
				7A11C0DE0000000000000252 /* Sources */,
				7A11C0DE0000000000000253 /* Frameworks */,
				7A11C0DE0000000000000254 /* Resources */,
			);
			buildRules = (
			);
			dependencies = (
			);
			name = AttendanceWidgetTests;
			productName = AttendanceWidgetTests;
			productReference = 7A11C0DE0000000000000203 /* AttendanceWidgetTests.xctest */;
			productType = "com.apple.product-type.bundle.unit-test";
		};
/* End PBXNativeTarget section */

/* Begin PBXProject section */
		504EC2FC1FED79650016851F /* Project object */ = {
			isa = PBXProject;
			attributes = {
				LastSwiftUpdateCheck = 0920;
				LastUpgradeCheck = 0920;
				TargetAttributes = {
					504EC3031FED79650016851F = {
						CreatedOnToolsVersion = 9.2;
						LastSwiftMigration = 1100;
						ProvisioningStyle = Automatic;
					};
				};
			};
			buildConfigurationList = 504EC2FF1FED79650016851F /* Build configuration list for PBXProject "App" */;
			compatibilityVersion = "Xcode 8.0";
			developmentRegion = en;
			hasScannedForEncodings = 0;
			knownRegions = (
				en,
				Base,
				ko,
			);
			mainGroup = 504EC2FB1FED79650016851F;
			packageReferences = (
				D4C12C0A2AAA248700AAC8A2 /* XCLocalSwiftPackageReference "CapApp-SPM" */,
			);
			productRefGroup = 504EC3051FED79650016851F /* Products */;
			projectDirPath = "";
			projectRoot = "";
			targets = (
				504EC3031FED79650016851F /* App */,
				5AE968BBFCAB542E138A7DB8 /* NotificationService */,
				7A11C0DE0000000000000150 /* AttendanceWidgetExtension */,
				7A11C0DE0000000000000250 /* AttendanceWidgetTests */,
			);
		};
/* End PBXProject section */

/* Begin PBXResourcesBuildPhase section */
		504EC3021FED79650016851F /* Resources */ = {
			isa = PBXResourcesBuildPhase;
			buildActionMask = 2147483647;
			files = (
				504EC3121FED79650016851F /* LaunchScreen.storyboard in Resources */,
				50B271D11FEDC1A000F3C39B /* public in Resources */,
				504EC30F1FED79650016851F /* Assets.xcassets in Resources */,
				50379B232058CBB4000EE86E /* capacitor.config.json in Resources */,
				504EC30D1FED79650016851F /* Main.storyboard in Resources */,
				2FAD9763203C412B000D30F8 /* config.xml in Resources */,
			);
			runOnlyForDeploymentPostprocessing = 0;
		};
		BB496AAE0B8BC7DEE728AAB7 /* Resources */ = {
			isa = PBXResourcesBuildPhase;
			buildActionMask = 2147483647;
			files = (
			);
			runOnlyForDeploymentPostprocessing = 0;
		};
		7A11C0DE0000000000000154 /* Resources */ = {
			isa = PBXResourcesBuildPhase;
			buildActionMask = 2147483647;
			files = (
				7A11C0DE0000000000000128 /* Localizable.xcstrings in Resources */,
			);
			runOnlyForDeploymentPostprocessing = 0;
		};
		7A11C0DE0000000000000254 /* Resources */ = {
			isa = PBXResourcesBuildPhase;
			buildActionMask = 2147483647;
			files = (
				7A11C0DE0000000000000215 /* attendance-today-cases.json in Resources */,
			);
			runOnlyForDeploymentPostprocessing = 0;
		};
/* End PBXResourcesBuildPhase section */

/* Begin PBXSourcesBuildPhase section */
		0DEFD89FB27683936ADAC728 /* Sources */ = {
			isa = PBXSourcesBuildPhase;
			buildActionMask = 2147483647;
			files = (
				40F1B0201C1A9868A2C05D24 /* NotificationService.swift in Sources */,
			);
			runOnlyForDeploymentPostprocessing = 0;
		};
		504EC3001FED79650016851F /* Sources */ = {
			isa = PBXSourcesBuildPhase;
			buildActionMask = 2147483647;
			files = (
				504EC3081FED79650016851F /* AppDelegate.swift in Sources */,
				7A11C0DE0000000000000002 /* ViewController.swift in Sources */,
				7A11C0DE0000000000000004 /* PageThemePlugin.swift in Sources */,
				7A11C0DE0000000000000007 /* ForegroundNotificationsPlugin.swift in Sources */,
				9582B6832FE993A70072D4E8 /* SceneDelegate.swift in Sources */,
				7A11C0DE0000000000000111 /* AttendanceWidgetStore.swift in Sources */,
				7A11C0DE0000000000000114 /* AttendanceWidgetPlugin.swift in Sources */,
				7A11C0DE0000000000000115 /* AttendanceActivityAttributes.swift in Sources */,
				7A11C0DE0000000000000118 /* AttendanceLockScreenCards.swift in Sources */,
				7A11C0DE0000000000000116 /* AttendanceActivityPlugin.swift in Sources */,
			);
			runOnlyForDeploymentPostprocessing = 0;
		};
		7A11C0DE0000000000000152 /* Sources */ = {
			isa = PBXSourcesBuildPhase;
			buildActionMask = 2147483647;
			files = (
				7A11C0DE0000000000000121 /* AttendanceWidgetStore.swift in Sources */,
				7A11C0DE0000000000000122 /* AttendanceAPI.swift in Sources */,
				7A11C0DE0000000000000123 /* AttendanceToday.swift in Sources */,
				7A11C0DE0000000000000124 /* AttendanceWidgetBundle.swift in Sources */,
				7A11C0DE0000000000000125 /* AttendanceWidgetProvider.swift in Sources */,
				7A11C0DE0000000000000126 /* AttendanceWidgetView.swift in Sources */,
				7A11C0DE0000000000000127 /* AttendanceWidgetIntents.swift in Sources */,
				7A11C0DE0000000000000129 /* AttendanceRefusal.swift in Sources */,
				7A11C0DE000000000000012D /* AttendanceLocationChoice.swift in Sources */,
				7A11C0DE000000000000012E /* AttendanceLocationPicker.swift in Sources */,
				7A11C0DE000000000000012A /* AttendanceActivityAttributes.swift in Sources */,
				7A11C0DE000000000000012C /* AttendanceLockScreenCards.swift in Sources */,
				7A11C0DE000000000000012B /* AttendanceLiveActivity.swift in Sources */,
				7A11C0DE000000000000012F /* AttendanceWorkplaceEntity.swift in Sources */,
				7A11C0DE0000000000000130 /* AttendanceDefaultWorkplace.swift in Sources */,
				7A11C0DE0000000000000302 /* AttendanceWidgetCache.swift in Sources */,
			);
			runOnlyForDeploymentPostprocessing = 0;
		};
		7A11C0DE0000000000000252 /* Sources */ = {
			isa = PBXSourcesBuildPhase;
			buildActionMask = 2147483647;
			files = (
				7A11C0DE0000000000000211 /* AttendanceTodayCasesTests.swift in Sources */,
				7A11C0DE0000000000000212 /* AttendanceToday.swift in Sources */,
				7A11C0DE0000000000000213 /* AttendanceAPI.swift in Sources */,
				7A11C0DE0000000000000214 /* AttendanceWidgetStore.swift in Sources */,
				7A11C0DE0000000000000216 /* AttendanceDefaultWorkplace.swift in Sources */,
				7A11C0DE0000000000000217 /* AttendanceDefaultWorkplaceTests.swift in Sources */,
				7A11C0DE0000000000000218 /* AttendanceWorkplaceEntity.swift in Sources */,
				7A11C0DE0000000000000219 /* AttendanceActivityAttributes.swift in Sources */,
				7A11C0DE000000000000021B /* AttendanceActivityStateTests.swift in Sources */,
				7A11C0DE0000000000000303 /* AttendanceWidgetCache.swift in Sources */,
				7A11C0DE0000000000000305 /* AttendanceWidgetCacheTests.swift in Sources */,
			);
			runOnlyForDeploymentPostprocessing = 0;
		};
/* End PBXSourcesBuildPhase section */

/* Begin PBXTargetDependency section */
		C9F01309AB9F1E4EE8C129EA /* PBXTargetDependency */ = {
			isa = PBXTargetDependency;
			name = NotificationService;
			target = 5AE968BBFCAB542E138A7DB8 /* NotificationService */;
			targetProxy = 2447252073DBA29F712DFC1A /* PBXContainerItemProxy */;
		};
		7A11C0DE0000000000000157 /* PBXTargetDependency */ = {
			isa = PBXTargetDependency;
			name = AttendanceWidgetExtension;
			target = 7A11C0DE0000000000000150 /* AttendanceWidgetExtension */;
			targetProxy = 7A11C0DE0000000000000158 /* PBXContainerItemProxy */;
		};
/* End PBXTargetDependency section */

/* Begin PBXVariantGroup section */
		504EC30B1FED79650016851F /* Main.storyboard */ = {
			isa = PBXVariantGroup;
			children = (
				504EC30C1FED79650016851F /* Base */,
			);
			name = Main.storyboard;
			sourceTree = "<group>";
		};
		504EC3101FED79650016851F /* LaunchScreen.storyboard */ = {
			isa = PBXVariantGroup;
			children = (
				504EC3111FED79650016851F /* Base */,
			);
			name = LaunchScreen.storyboard;
			sourceTree = "<group>";
		};
/* End PBXVariantGroup section */

/* Begin XCBuildConfiguration section */
		2786FA295BBBAA10C17391F8 /* Release */ = {
			isa = XCBuildConfiguration;
			buildSettings = {
				CLANG_ENABLE_OBJC_WEAK = NO;
				CODE_SIGN_STYLE = Automatic;
				CURRENT_PROJECT_VERSION = 1;
				GENERATE_INFOPLIST_FILE = NO;
				INFOPLIST_FILE = NotificationService/Info.plist;
				IPHONEOS_DEPLOYMENT_TARGET = 15.0;
				LD_RUNPATH_SEARCH_PATHS = (
					"$(inherited)",
					"@executable_path/Frameworks",
					"@executable_path/../../Frameworks",
				);
				MARKETING_VERSION = 1.0;
				PRODUCT_BUNDLE_IDENTIFIER = app.intern.kim.NotificationService;
				PRODUCT_NAME = "$(TARGET_NAME)";
				SDKROOT = iphoneos;
				SKIP_INSTALL = YES;
				SWIFT_VERSION = 5.0;
				TARGETED_DEVICE_FAMILY = "1,2";
				VALIDATE_PRODUCT = YES;
			};
			name = Release;
		};
		504EC3141FED79650016851F /* Debug */ = {
			isa = XCBuildConfiguration;
			baseConfigurationReference = 958DCC722DB07C7200EA8C5F /* debug.xcconfig */;
			buildSettings = {
				ALWAYS_SEARCH_USER_PATHS = NO;
				CLANG_ANALYZER_NONNULL = YES;
				CLANG_ANALYZER_NUMBER_OBJECT_CONVERSION = YES_AGGRESSIVE;
				CLANG_CXX_LANGUAGE_STANDARD = "gnu++14";
				CLANG_CXX_LIBRARY = "libc++";
				CLANG_ENABLE_MODULES = YES;
				CLANG_ENABLE_OBJC_ARC = YES;
				CLANG_WARN_BLOCK_CAPTURE_AUTORELEASING = YES;
				CLANG_WARN_BOOL_CONVERSION = YES;
				CLANG_WARN_COMMA = YES;
				CLANG_WARN_CONSTANT_CONVERSION = YES;
				CLANG_WARN_DIRECT_OBJC_ISA_USAGE = YES_ERROR;
				CLANG_WARN_DOCUMENTATION_COMMENTS = YES;
				CLANG_WARN_EMPTY_BODY = YES;
				CLANG_WARN_ENUM_CONVERSION = YES;
				CLANG_WARN_INFINITE_RECURSION = YES;
				CLANG_WARN_INT_CONVERSION = YES;
				CLANG_WARN_NON_LITERAL_NULL_CONVERSION = YES;
				CLANG_WARN_OBJC_LITERAL_CONVERSION = YES;
				CLANG_WARN_OBJC_ROOT_CLASS = YES_ERROR;
				CLANG_WARN_RANGE_LOOP_ANALYSIS = YES;
				CLANG_WARN_STRICT_PROTOTYPES = YES;
				CLANG_WARN_SUSPICIOUS_MOVE = YES;
				CLANG_WARN_UNGUARDED_AVAILABILITY = YES_AGGRESSIVE;
				CLANG_WARN_UNREACHABLE_CODE = YES;
				CLANG_WARN__DUPLICATE_METHOD_MATCH = YES;
				CODE_SIGN_IDENTITY = "iPhone Developer";
				COPY_PHASE_STRIP = NO;
				DEBUG_INFORMATION_FORMAT = dwarf;
				ENABLE_STRICT_OBJC_MSGSEND = YES;
				ENABLE_TESTABILITY = YES;
				GCC_C_LANGUAGE_STANDARD = gnu11;
				GCC_DYNAMIC_NO_PIC = NO;
				GCC_NO_COMMON_BLOCKS = YES;
				GCC_OPTIMIZATION_LEVEL = 0;
				GCC_PREPROCESSOR_DEFINITIONS = (
					"DEBUG=1",
					"$(inherited)",
				);
				GCC_WARN_64_TO_32_BIT_CONVERSION = YES;
				GCC_WARN_ABOUT_RETURN_TYPE = YES_ERROR;
				GCC_WARN_UNDECLARED_SELECTOR = YES;
				GCC_WARN_UNINITIALIZED_AUTOS = YES_AGGRESSIVE;
				GCC_WARN_UNUSED_FUNCTION = YES;
				GCC_WARN_UNUSED_VARIABLE = YES;
				IPHONEOS_DEPLOYMENT_TARGET = 15.0;
				MTL_ENABLE_DEBUG_INFO = YES;
				ONLY_ACTIVE_ARCH = YES;
				SDKROOT = iphoneos;
				SWIFT_ACTIVE_COMPILATION_CONDITIONS = DEBUG;
				SWIFT_OPTIMIZATION_LEVEL = "-Onone";
			};
			name = Debug;
		};
		504EC3151FED79650016851F /* Release */ = {
			isa = XCBuildConfiguration;
			buildSettings = {
				ALWAYS_SEARCH_USER_PATHS = NO;
				CLANG_ANALYZER_NONNULL = YES;
				CLANG_ANALYZER_NUMBER_OBJECT_CONVERSION = YES_AGGRESSIVE;
				CLANG_CXX_LANGUAGE_STANDARD = "gnu++14";
				CLANG_CXX_LIBRARY = "libc++";
				CLANG_ENABLE_MODULES = YES;
				CLANG_ENABLE_OBJC_ARC = YES;
				CLANG_WARN_BLOCK_CAPTURE_AUTORELEASING = YES;
				CLANG_WARN_BOOL_CONVERSION = YES;
				CLANG_WARN_COMMA = YES;
				CLANG_WARN_CONSTANT_CONVERSION = YES;
				CLANG_WARN_DIRECT_OBJC_ISA_USAGE = YES_ERROR;
				CLANG_WARN_DOCUMENTATION_COMMENTS = YES;
				CLANG_WARN_EMPTY_BODY = YES;
				CLANG_WARN_ENUM_CONVERSION = YES;
				CLANG_WARN_INFINITE_RECURSION = YES;
				CLANG_WARN_INT_CONVERSION = YES;
				CLANG_WARN_NON_LITERAL_NULL_CONVERSION = YES;
				CLANG_WARN_OBJC_LITERAL_CONVERSION = YES;
				CLANG_WARN_OBJC_ROOT_CLASS = YES_ERROR;
				CLANG_WARN_RANGE_LOOP_ANALYSIS = YES;
				CLANG_WARN_STRICT_PROTOTYPES = YES;
				CLANG_WARN_SUSPICIOUS_MOVE = YES;
				CLANG_WARN_UNGUARDED_AVAILABILITY = YES_AGGRESSIVE;
				CLANG_WARN_UNREACHABLE_CODE = YES;
				CLANG_WARN__DUPLICATE_METHOD_MATCH = YES;
				CODE_SIGN_IDENTITY = "iPhone Developer";
				COPY_PHASE_STRIP = NO;
				DEBUG_INFORMATION_FORMAT = "dwarf-with-dsym";
				ENABLE_NS_ASSERTIONS = NO;
				ENABLE_STRICT_OBJC_MSGSEND = YES;
				GCC_C_LANGUAGE_STANDARD = gnu11;
				GCC_NO_COMMON_BLOCKS = YES;
				GCC_WARN_64_TO_32_BIT_CONVERSION = YES;
				GCC_WARN_ABOUT_RETURN_TYPE = YES_ERROR;
				GCC_WARN_UNDECLARED_SELECTOR = YES;
				GCC_WARN_UNINITIALIZED_AUTOS = YES_AGGRESSIVE;
				GCC_WARN_UNUSED_FUNCTION = YES;
				GCC_WARN_UNUSED_VARIABLE = YES;
				IPHONEOS_DEPLOYMENT_TARGET = 15.0;
				MTL_ENABLE_DEBUG_INFO = NO;
				SDKROOT = iphoneos;
				SWIFT_COMPILATION_MODE = wholemodule;
				SWIFT_OPTIMIZATION_LEVEL = "-O";
				VALIDATE_PRODUCT = YES;
			};
			name = Release;
		};
		504EC3171FED79650016851F /* Debug */ = {
			isa = XCBuildConfiguration;
			baseConfigurationReference = 958DCC722DB07C7200EA8C5F /* debug.xcconfig */;
			buildSettings = {
				ASSETCATALOG_COMPILER_APPICON_NAME = AppIcon;
				CODE_SIGN_ENTITLEMENTS = App/App.entitlements;
				CODE_SIGN_STYLE = Automatic;
				CURRENT_PROJECT_VERSION = 1;
				INFOPLIST_FILE = App/Info.plist;
				IPHONEOS_DEPLOYMENT_TARGET = 15.0;
				LD_RUNPATH_SEARCH_PATHS = (
					"$(inherited)",
					"@executable_path/Frameworks",
				);
				MARKETING_VERSION = 1.0;
				OTHER_SWIFT_FLAGS = "$(inherited) \"-D\" \"COCOAPODS\" \"-DDEBUG\"";
				PRODUCT_BUNDLE_IDENTIFIER = app.intern.kim;
				PRODUCT_NAME = "$(TARGET_NAME)";
				SWIFT_ACTIVE_COMPILATION_CONDITIONS = DEBUG;
				SWIFT_VERSION = 5.0;
				TARGETED_DEVICE_FAMILY = "1,2";
			};
			name = Debug;
		};
		504EC3181FED79650016851F /* Release */ = {
			isa = XCBuildConfiguration;
			buildSettings = {
				ASSETCATALOG_COMPILER_APPICON_NAME = AppIcon;
				CODE_SIGN_ENTITLEMENTS = App/App.entitlements;
				CODE_SIGN_STYLE = Automatic;
				CURRENT_PROJECT_VERSION = 1;
				INFOPLIST_FILE = App/Info.plist;
				IPHONEOS_DEPLOYMENT_TARGET = 15.0;
				LD_RUNPATH_SEARCH_PATHS = (
					"$(inherited)",
					"@executable_path/Frameworks",
				);
				MARKETING_VERSION = 1.0;
				PRODUCT_BUNDLE_IDENTIFIER = app.intern.kim;
				PRODUCT_NAME = "$(TARGET_NAME)";
				SWIFT_ACTIVE_COMPILATION_CONDITIONS = "";
				SWIFT_VERSION = 5.0;
				TARGETED_DEVICE_FAMILY = "1,2";
			};
			name = Release;
		};
		92CFF85D773E8B6152E8A7FA /* Debug */ = {
			isa = XCBuildConfiguration;
			buildSettings = {
				CLANG_ENABLE_OBJC_WEAK = NO;
				CODE_SIGN_STYLE = Automatic;
				CURRENT_PROJECT_VERSION = 1;
				GENERATE_INFOPLIST_FILE = NO;
				INFOPLIST_FILE = NotificationService/Info.plist;
				IPHONEOS_DEPLOYMENT_TARGET = 15.0;
				LD_RUNPATH_SEARCH_PATHS = (
					"$(inherited)",
					"@executable_path/Frameworks",
					"@executable_path/../../Frameworks",
				);
				MARKETING_VERSION = 1.0;
				PRODUCT_BUNDLE_IDENTIFIER = app.intern.kim.NotificationService;
				PRODUCT_NAME = "$(TARGET_NAME)";
				SDKROOT = iphoneos;
				SKIP_INSTALL = YES;
				SWIFT_VERSION = 5.0;
				TARGETED_DEVICE_FAMILY = "1,2";
			};
			name = Debug;
		};
		7A11C0DE0000000000000155 /* Debug */ = {
			isa = XCBuildConfiguration;
			buildSettings = {
				CODE_SIGN_ENTITLEMENTS = AttendanceWidget/AttendanceWidget.entitlements;
				CODE_SIGN_STYLE = Automatic;
				CURRENT_PROJECT_VERSION = 1;
				GENERATE_INFOPLIST_FILE = NO;
				INFOPLIST_FILE = AttendanceWidget/Info.plist;
				IPHONEOS_DEPLOYMENT_TARGET = 17.0;
				LD_RUNPATH_SEARCH_PATHS = (
					"$(inherited)",
					"@executable_path/Frameworks",
					"@executable_path/../../Frameworks",
				);
				MARKETING_VERSION = 1.0;
				PRODUCT_BUNDLE_IDENTIFIER = app.intern.kim.attendancewidget;
				PRODUCT_NAME = "$(TARGET_NAME)";
				SDKROOT = iphoneos;
				SKIP_INSTALL = YES;
				SWIFT_VERSION = 5.0;
				TARGETED_DEVICE_FAMILY = "1,2";
			};
			name = Debug;
		};
		7A11C0DE0000000000000156 /* Release */ = {
			isa = XCBuildConfiguration;
			buildSettings = {
				CODE_SIGN_ENTITLEMENTS = AttendanceWidget/AttendanceWidget.entitlements;
				CODE_SIGN_STYLE = Automatic;
				CURRENT_PROJECT_VERSION = 1;
				GENERATE_INFOPLIST_FILE = NO;
				INFOPLIST_FILE = AttendanceWidget/Info.plist;
				IPHONEOS_DEPLOYMENT_TARGET = 17.0;
				LD_RUNPATH_SEARCH_PATHS = (
					"$(inherited)",
					"@executable_path/Frameworks",
					"@executable_path/../../Frameworks",
				);
				MARKETING_VERSION = 1.0;
				PRODUCT_BUNDLE_IDENTIFIER = app.intern.kim.attendancewidget;
				PRODUCT_NAME = "$(TARGET_NAME)";
				SDKROOT = iphoneos;
				SKIP_INSTALL = YES;
				SWIFT_VERSION = 5.0;
				TARGETED_DEVICE_FAMILY = "1,2";
			};
			name = Release;
		};
		7A11C0DE0000000000000255 /* Debug */ = {
			isa = XCBuildConfiguration;
			buildSettings = {
				CODE_SIGN_STYLE = Automatic;
				CURRENT_PROJECT_VERSION = 1;
				GENERATE_INFOPLIST_FILE = YES;
				IPHONEOS_DEPLOYMENT_TARGET = 17.0;
				MARKETING_VERSION = 1.0;
				PRODUCT_BUNDLE_IDENTIFIER = app.intern.kim.AttendanceWidgetTests;
				PRODUCT_NAME = "$(TARGET_NAME)";
				SDKROOT = iphoneos;
				SWIFT_VERSION = 5.0;
				TARGETED_DEVICE_FAMILY = "1,2";
			};
			name = Debug;
		};
		7A11C0DE0000000000000256 /* Release */ = {
			isa = XCBuildConfiguration;
			buildSettings = {
				CODE_SIGN_STYLE = Automatic;
				CURRENT_PROJECT_VERSION = 1;
				GENERATE_INFOPLIST_FILE = YES;
				IPHONEOS_DEPLOYMENT_TARGET = 17.0;
				MARKETING_VERSION = 1.0;
				PRODUCT_BUNDLE_IDENTIFIER = app.intern.kim.AttendanceWidgetTests;
				PRODUCT_NAME = "$(TARGET_NAME)";
				SDKROOT = iphoneos;
				SWIFT_VERSION = 5.0;
				TARGETED_DEVICE_FAMILY = "1,2";
			};
			name = Release;
		};
/* End XCBuildConfiguration section */

/* Begin XCConfigurationList section */
		01DBE42E82B6122D15EF5CE8 /* Build configuration list for PBXNativeTarget "NotificationService" */ = {
			isa = XCConfigurationList;
			buildConfigurations = (
				2786FA295BBBAA10C17391F8 /* Release */,
				92CFF85D773E8B6152E8A7FA /* Debug */,
			);
			defaultConfigurationIsVisible = 0;
			defaultConfigurationName = Release;
		};
		504EC2FF1FED79650016851F /* Build configuration list for PBXProject "App" */ = {
			isa = XCConfigurationList;
			buildConfigurations = (
				504EC3141FED79650016851F /* Debug */,
				504EC3151FED79650016851F /* Release */,
			);
			defaultConfigurationIsVisible = 0;
			defaultConfigurationName = Release;
		};
		504EC3161FED79650016851F /* Build configuration list for PBXNativeTarget "App" */ = {
			isa = XCConfigurationList;
			buildConfigurations = (
				504EC3171FED79650016851F /* Debug */,
				504EC3181FED79650016851F /* Release */,
			);
			defaultConfigurationIsVisible = 0;
			defaultConfigurationName = Release;
		};
		7A11C0DE0000000000000151 /* Build configuration list for PBXNativeTarget "AttendanceWidgetExtension" */ = {
			isa = XCConfigurationList;
			buildConfigurations = (
				7A11C0DE0000000000000155 /* Debug */,
				7A11C0DE0000000000000156 /* Release */,
			);
			defaultConfigurationIsVisible = 0;
			defaultConfigurationName = Release;
		};
		7A11C0DE0000000000000251 /* Build configuration list for PBXNativeTarget "AttendanceWidgetTests" */ = {
			isa = XCConfigurationList;
			buildConfigurations = (
				7A11C0DE0000000000000255 /* Debug */,
				7A11C0DE0000000000000256 /* Release */,
			);
			defaultConfigurationIsVisible = 0;
			defaultConfigurationName = Release;
		};
/* End XCConfigurationList section */

/* Begin XCLocalSwiftPackageReference section */
		D4C12C0A2AAA248700AAC8A2 /* XCLocalSwiftPackageReference "CapApp-SPM" */ = {
			isa = XCLocalSwiftPackageReference;
			relativePath = "CapApp-SPM";
		};
/* End XCLocalSwiftPackageReference section */

/* Begin XCSwiftPackageProductDependency section */
		4D22ABE82AF431CB00220026 /* CapApp-SPM */ = {
			isa = XCSwiftPackageProductDependency;
			package = D4C12C0A2AAA248700AAC8A2 /* XCLocalSwiftPackageReference "CapApp-SPM" */;
			productName = "CapApp-SPM";
		};
/* End XCSwiftPackageProductDependency section */
	};
	rootObject = 504EC2FC1FED79650016851F /* Project object */;
}
