{
  "lockfileVersion": 1,
  "configVersion": 1,
  "workspaces": {
    "": {
      "name": "internkim-companion-shell",
      "dependencies": {
        "@tauri-apps/api": "^2.10.0",
        "@tauri-apps/plugin-deep-link": "^2.4.6",
        "@tauri-apps/plugin-shell": "^2.3.2",
        "svelte": "^5.54.0",
      },
      "devDependencies": {
        "@sveltejs/vite-plugin-svelte": "^6.2.4",
        "@tauri-apps/cli": "^2.10.0",
        "@testing-library/svelte": "^5.2.9",
        "@tsconfig/svelte": "^5.0.7",
        "jsdom": "^27.4.0",
        "svelte-check": "^4.4.2",
        "typescript": "^5.9.3",
        "vite": "^7.3.1",
        "vitest": "^4.0.15",
      },
    },
  },
  "packages": {
    "@acemir/cssom": ["@acemir/cssom@0.9.31", "", {}, "sha512-ZnR3GSaH+/vJ0YlHau21FjfLYjMpYVIzTD8M8vIEQvIGxeOXyXdzCI140rrCY862p/C/BbzWsjc1dgnM9mkoTA=="],

    "@asamuzakjp/css-color": ["@asamuzakjp/css-color@4.1.2", "", { "dependencies": { "@csstools/css-calc": "^3.0.0", "@csstools/css-color-parser": "^4.0.1", "@csstools/css-parser-algorithms": "^4.0.0", "@csstools/css-tokenizer": "^4.0.0", "lru-cache": "^11.2.5" } }, "sha512-NfBUvBaYgKIuq6E/RBLY1m0IohzNHAYyaJGuTK79Z23uNwmz2jl1mPsC5ZxCCxylinKhT1Amn5oNTlx1wN8cQg=="],

    "@asamuzakjp/dom-selector": ["@asamuzakjp/dom-selector@6.8.1", "", { "dependencies": { "@asamuzakjp/nwsapi": "^2.3.9", "bidi-js": "^1.0.3", "css-tree": "^3.1.0", "is-potential-custom-element-name": "^1.0.1", "lru-cache": "^11.2.6" } }, "sha512-MvRz1nCqW0fsy8Qz4dnLIvhOlMzqDVBabZx6lH+YywFDdjXhMY37SmpV1XFX3JzG5GWHn63j6HX6QPr3lZXHvQ=="],

    "@asamuzakjp/nwsapi": ["@asamuzakjp/nwsapi@2.3.9", "", {}, "sha512-n8GuYSrI9bF7FFZ/SjhwevlHc8xaVlb/7HmHelnc/PZXBD2ZR49NnN9sMMuDdEGPeeRQ5d0hqlSlEpgCX3Wl0Q=="],

    "@babel/code-frame": ["@babel/code-frame@7.29.0", "", { "dependencies": { "@babel/helper-validator-identifier": "^7.28.5", "js-tokens": "^4.0.0", "picocolors": "^1.1.1" } }, "sha512-9NhCeYjq9+3uxgdtp20LSiJXJvN0FeCtNGpJxuMFZ1Kv3cWUNb6DOhJwUvcVCzKGR66cw4njwM6hrJLqgOwbcw=="],

    "@babel/helper-validator-identifier": ["@babel/helper-validator-identifier@7.28.5", "", {}, "sha512-qSs4ifwzKJSV39ucNjsvc6WVHs6b7S03sOh2OcHF9UHfVPqWWALUsNUVzhSBiItjRZoLHx7nIarVjqKVusUZ1Q=="],

    "@babel/runtime": ["@babel/runtime@7.29.2", "", {}, "sha512-JiDShH45zKHWyGe4ZNVRrCjBz8Nh9TMmZG1kh4QTK8hCBTWBi8Da+i7s1fJw7/lYpM4ccepSNfqzZ/QvABBi5g=="],

    "@csstools/color-helpers": ["@csstools/color-helpers@6.0.2", "", {}, "sha512-LMGQLS9EuADloEFkcTBR3BwV/CGHV7zyDxVRtVDTwdI2Ca4it0CCVTT9wCkxSgokjE5Ho41hEPgb8OEUwoXr6Q=="],

    "@csstools/css-calc": ["@csstools/css-calc@3.2.0", "", { "peerDependencies": { "@csstools/css-parser-algorithms": "^4.0.0", "@csstools/css-tokenizer": "^4.0.0" } }, "sha512-bR9e6o2BDB12jzN/gIbjHa5wLJ4UjD1CB9pM7ehlc0ddk6EBz+yYS1EV2MF55/HUxrHcB/hehAyt5vhsA3hx7w=="],

    "@csstools/css-color-parser": ["@csstools/css-color-parser@4.1.0", "", { "dependencies": { "@csstools/color-helpers": "^6.0.2", "@csstools/css-calc": "^3.2.0" }, "peerDependencies": { "@csstools/css-parser-algorithms": "^4.0.0", "@csstools/css-tokenizer": "^4.0.0" } }, "sha512-U0KhLYmy2GVj6q4T3WaAe6NPuFYCPQoE3b0dRGxejWDgcPp8TP7S5rVdM5ZrFaqu4N67X8YaPBw14dQSYx3IyQ=="],

    "@csstools/css-parser-algorithms": ["@csstools/css-parser-algorithms@4.0.0", "", { "peerDependencies": { "@csstools/css-tokenizer": "^4.0.0" } }, "sha512-+B87qS7fIG3L5h3qwJ/IFbjoVoOe/bpOdh9hAjXbvx0o8ImEmUsGXN0inFOnk2ChCFgqkkGFQ+TpM5rbhkKe4w=="],

    "@csstools/css-syntax-patches-for-csstree": ["@csstools/css-syntax-patches-for-csstree@1.1.3", "", { "peerDependencies": { "css-tree": "^3.2.1" }, "optionalPeers": ["css-tree"] }, "sha512-SH60bMfrRCJF3morcdk57WklujF4Jr/EsQUzqkarfHXEFcAR1gg7fS/chAE922Sehgzc1/+Tz5H3Ypa1HiEKrg=="],

    "@csstools/css-tokenizer": ["@csstools/css-tokenizer@4.0.0", "", {}, "sha512-QxULHAm7cNu72w97JUNCBFODFaXpbDg+dP8b/oWFAZ2MTRppA3U00Y2L1HqaS4J6yBqxwa/Y3nMBaxVKbB/NsA=="],

    "@esbuild/aix-ppc64": ["@esbuild/aix-ppc64@0.27.7", "", { "os": "aix", "cpu": "ppc64" }, "sha512-EKX3Qwmhz1eMdEJokhALr0YiD0lhQNwDqkPYyPhiSwKrh7/4KRjQc04sZ8db+5DVVnZ1LmbNDI1uAMPEUBnQPg=="],

    "@esbuild/android-arm": ["@esbuild/android-arm@0.27.7", "", { "os": "android", "cpu": "arm" }, "sha512-jbPXvB4Yj2yBV7HUfE2KHe4GJX51QplCN1pGbYjvsyCZbQmies29EoJbkEc+vYuU5o45AfQn37vZlyXy4YJ8RQ=="],

    "@esbuild/android-arm64": ["@esbuild/android-arm64@0.27.7", "", { "os": "android", "cpu": "arm64" }, "sha512-62dPZHpIXzvChfvfLJow3q5dDtiNMkwiRzPylSCfriLvZeq0a1bWChrGx/BbUbPwOrsWKMn8idSllklzBy+dgQ=="],

    "@esbuild/android-x64": ["@esbuild/android-x64@0.27.7", "", { "os": "android", "cpu": "x64" }, "sha512-x5VpMODneVDb70PYV2VQOmIUUiBtY3D3mPBG8NxVk5CogneYhkR7MmM3yR/uMdITLrC1ml/NV1rj4bMJuy9MCg=="],

    "@esbuild/darwin-arm64": ["@esbuild/darwin-arm64@0.27.7", "", { "os": "darwin", "cpu": "arm64" }, "sha512-5lckdqeuBPlKUwvoCXIgI2D9/ABmPq3Rdp7IfL70393YgaASt7tbju3Ac+ePVi3KDH6N2RqePfHnXkaDtY9fkw=="],

    "@esbuild/darwin-x64": ["@esbuild/darwin-x64@0.27.7", "", { "os": "darwin", "cpu": "x64" }, "sha512-rYnXrKcXuT7Z+WL5K980jVFdvVKhCHhUwid+dDYQpH+qu+TefcomiMAJpIiC2EM3Rjtq0sO3StMV/+3w3MyyqQ=="],

    "@esbuild/freebsd-arm64": ["@esbuild/freebsd-arm64@0.27.7", "", { "os": "freebsd", "cpu": "arm64" }, "sha512-B48PqeCsEgOtzME2GbNM2roU29AMTuOIN91dsMO30t+Ydis3z/3Ngoj5hhnsOSSwNzS+6JppqWsuhTp6E82l2w=="],

    "@esbuild/freebsd-x64": ["@esbuild/freebsd-x64@0.27.7", "", { "os": "freebsd", "cpu": "x64" }, "sha512-jOBDK5XEjA4m5IJK3bpAQF9/Lelu/Z9ZcdhTRLf4cajlB+8VEhFFRjWgfy3M1O4rO2GQ/b2dLwCUGpiF/eATNQ=="],

    "@esbuild/linux-arm": ["@esbuild/linux-arm@0.27.7", "", { "os": "linux", "cpu": "arm" }, "sha512-RkT/YXYBTSULo3+af8Ib0ykH8u2MBh57o7q/DAs3lTJlyVQkgQvlrPTnjIzzRPQyavxtPtfg0EopvDyIt0j1rA=="],

    "@esbuild/linux-arm64": ["@esbuild/linux-arm64@0.27.7", "", { "os": "linux", "cpu": "arm64" }, "sha512-RZPHBoxXuNnPQO9rvjh5jdkRmVizktkT7TCDkDmQ0W2SwHInKCAV95GRuvdSvA7w4VMwfCjUiPwDi0ZO6Nfe9A=="],

    "@esbuild/linux-ia32": ["@esbuild/linux-ia32@0.27.7", "", { "os": "linux", "cpu": "ia32" }, "sha512-GA48aKNkyQDbd3KtkplYWT102C5sn/EZTY4XROkxONgruHPU72l+gW+FfF8tf2cFjeHaRbWpOYa/uRBz/Xq1Pg=="],

    "@esbuild/linux-loong64": ["@esbuild/linux-loong64@0.27.7", "", { "os": "linux", "cpu": "none" }, "sha512-a4POruNM2oWsD4WKvBSEKGIiWQF8fZOAsycHOt6JBpZ+JN2n2JH9WAv56SOyu9X5IqAjqSIPTaJkqN8F7XOQ5Q=="],

    "@esbuild/linux-mips64el": ["@esbuild/linux-mips64el@0.27.7", "", { "os": "linux", "cpu": "none" }, "sha512-KabT5I6StirGfIz0FMgl1I+R1H73Gp0ofL9A3nG3i/cYFJzKHhouBV5VWK1CSgKvVaG4q1RNpCTR2LuTVB3fIw=="],

    "@esbuild/linux-ppc64": ["@esbuild/linux-ppc64@0.27.7", "", { "os": "linux", "cpu": "ppc64" }, "sha512-gRsL4x6wsGHGRqhtI+ifpN/vpOFTQtnbsupUF5R5YTAg+y/lKelYR1hXbnBdzDjGbMYjVJLJTd2OFmMewAgwlQ=="],

    "@esbuild/linux-riscv64": ["@esbuild/linux-riscv64@0.27.7", "", { "os": "linux", "cpu": "none" }, "sha512-hL25LbxO1QOngGzu2U5xeXtxXcW+/GvMN3ejANqXkxZ/opySAZMrc+9LY/WyjAan41unrR3YrmtTsUpwT66InQ=="],

    "@esbuild/linux-s390x": ["@esbuild/linux-s390x@0.27.7", "", { "os": "linux", "cpu": "s390x" }, "sha512-2k8go8Ycu1Kb46vEelhu1vqEP+UeRVj2zY1pSuPdgvbd5ykAw82Lrro28vXUrRmzEsUV0NzCf54yARIK8r0fdw=="],

    "@esbuild/linux-x64": ["@esbuild/linux-x64@0.27.7", "", { "os": "linux", "cpu": "x64" }, "sha512-hzznmADPt+OmsYzw1EE33ccA+HPdIqiCRq7cQeL1Jlq2gb1+OyWBkMCrYGBJ+sxVzve2ZJEVeePbLM2iEIZSxA=="],

    "@esbuild/netbsd-arm64": ["@esbuild/netbsd-arm64@0.27.7", "", { "os": "none", "cpu": "arm64" }, "sha512-b6pqtrQdigZBwZxAn1UpazEisvwaIDvdbMbmrly7cDTMFnw/+3lVxxCTGOrkPVnsYIosJJXAsILG9XcQS+Yu6w=="],

    "@esbuild/netbsd-x64": ["@esbuild/netbsd-x64@0.27.7", "", { "os": "none", "cpu": "x64" }, "sha512-OfatkLojr6U+WN5EDYuoQhtM+1xco+/6FSzJJnuWiUw5eVcicbyK3dq5EeV/QHT1uy6GoDhGbFpprUiHUYggrw=="],

    "@esbuild/openbsd-arm64": ["@esbuild/openbsd-arm64@0.27.7", "", { "os": "openbsd", "cpu": "arm64" }, "sha512-AFuojMQTxAz75Fo8idVcqoQWEHIXFRbOc1TrVcFSgCZtQfSdc1RXgB3tjOn/krRHENUB4j00bfGjyl2mJrU37A=="],

    "@esbuild/openbsd-x64": ["@esbuild/openbsd-x64@0.27.7", "", { "os": "openbsd", "cpu": "x64" }, "sha512-+A1NJmfM8WNDv5CLVQYJ5PshuRm/4cI6WMZRg1by1GwPIQPCTs1GLEUHwiiQGT5zDdyLiRM/l1G0Pv54gvtKIg=="],

    "@esbuild/openharmony-arm64": ["@esbuild/openharmony-arm64@0.27.7", "", { "os": "none", "cpu": "arm64" }, "sha512-+KrvYb/C8zA9CU/g0sR6w2RBw7IGc5J2BPnc3dYc5VJxHCSF1yNMxTV5LQ7GuKteQXZtspjFbiuW5/dOj7H4Yw=="],

    "@esbuild/sunos-x64": ["@esbuild/sunos-x64@0.27.7", "", { "os": "sunos", "cpu": "x64" }, "sha512-ikktIhFBzQNt/QDyOL580ti9+5mL/YZeUPKU2ivGtGjdTYoqz6jObj6nOMfhASpS4GU4Q/Clh1QtxWAvcYKamA=="],

    "@esbuild/win32-arm64": ["@esbuild/win32-arm64@0.27.7", "", { "os": "win32", "cpu": "arm64" }, "sha512-7yRhbHvPqSpRUV7Q20VuDwbjW5kIMwTHpptuUzV+AA46kiPze5Z7qgt6CLCK3pWFrHeNfDd1VKgyP4O+ng17CA=="],

    "@esbuild/win32-ia32": ["@esbuild/win32-ia32@0.27.7", "", { "os": "win32", "cpu": "ia32" }, "sha512-SmwKXe6VHIyZYbBLJrhOoCJRB/Z1tckzmgTLfFYOfpMAx63BJEaL9ExI8x7v0oAO3Zh6D/Oi1gVxEYr5oUCFhw=="],

    "@esbuild/win32-x64": ["@esbuild/win32-x64@0.27.7", "", { "os": "win32", "cpu": "x64" }, "sha512-56hiAJPhwQ1R4i+21FVF7V8kSD5zZTdHcVuRFMW0hn753vVfQN8xlx4uOPT4xoGH0Z/oVATuR82AiqSTDIpaHg=="],

    "@exodus/bytes": ["@exodus/bytes@1.15.0", "", { "peerDependencies": { "@noble/hashes": "^1.8.0 || ^2.0.0" }, "optionalPeers": ["@noble/hashes"] }, "sha512-UY0nlA+feH81UGSHv92sLEPLCeZFjXOuHhrIo0HQydScuQc8s0A7kL/UdgwgDq8g8ilksmuoF35YVTNphV2aBQ=="],

    "@jridgewell/gen-mapping": ["@jridgewell/gen-mapping@0.3.13", "", { "dependencies": { "@jridgewell/sourcemap-codec": "^1.5.0", "@jridgewell/trace-mapping": "^0.3.24" } }, "sha512-2kkt/7niJ6MgEPxF0bYdQ6etZaA+fQvDcLKckhy1yIQOzaoKjBBjSj63/aLVjYE3qhRt5dvM+uUyfCg6UKCBbA=="],

    "@jridgewell/remapping": ["@jridgewell/remapping@2.3.5", "", { "dependencies": { "@jridgewell/gen-mapping": "^0.3.5", "@jridgewell/trace-mapping": "^0.3.24" } }, "sha512-LI9u/+laYG4Ds1TDKSJW2YPrIlcVYOwi2fUC6xB43lueCjgxV4lffOCZCtYFiH6TNOX+tQKXx97T4IKHbhyHEQ=="],

    "@jridgewell/resolve-uri": ["@jridgewell/resolve-uri@3.1.2", "", {}, "sha512-bRISgCIjP20/tbWSPWMEi54QVPRZExkuD9lJL+UIxUKtwVJA8wW1Trb1jMs1RFXo1CBTNZ/5hpC9QvmKWdopKw=="],

    "@jridgewell/sourcemap-codec": ["@jridgewell/sourcemap-codec@1.5.5", "", {}, "sha512-cYQ9310grqxueWbl+WuIUIaiUaDcj7WOq5fVhEljNVgRfOUhY9fy2zTvfoqWsnebh8Sl70VScFbICvJnLKB0Og=="],

    "@jridgewell/trace-mapping": ["@jridgewell/trace-mapping@0.3.31", "", { "dependencies": { "@jridgewell/resolve-uri": "^3.1.0", "@jridgewell/sourcemap-codec": "^1.4.14" } }, "sha512-zzNR+SdQSDJzc8joaeP8QQoCQr8NuYx2dIIytl1QeBEZHJ9uW6hebsrYgbz8hJwUQao3TWCMtmfV8Nu1twOLAw=="],

    "@rollup/rollup-android-arm-eabi": ["@rollup/rollup-android-arm-eabi@4.60.2", "", { "os": "android", "cpu": "arm" }, "sha512-dnlp69efPPg6Uaw2dVqzWRfAWRnYVb1XJ8CyyhIbZeaq4CA5/mLeZ1IEt9QqQxmbdvagjLIm2ZL8BxXv5lH4Yw=="],

    "@rollup/rollup-android-arm64": ["@rollup/rollup-android-arm64@4.60.2", "", { "os": "android", "cpu": "arm64" }, "sha512-OqZTwDRDchGRHHm/hwLOL7uVPB9aUvI0am/eQuWMNyFHf5PSEQmyEeYYheA0EPPKUO/l0uigCp+iaTjoLjVoHg=="],

    "@rollup/rollup-darwin-arm64": ["@rollup/rollup-darwin-arm64@4.60.2", "", { "os": "darwin", "cpu": "arm64" }, "sha512-UwRE7CGpvSVEQS8gUMBe1uADWjNnVgP3Iusyda1nSRwNDCsRjnGc7w6El6WLQsXmZTbLZx9cecegumcitNfpmA=="],

    "@rollup/rollup-darwin-x64": ["@rollup/rollup-darwin-x64@4.60.2", "", { "os": "darwin", "cpu": "x64" }, "sha512-gjEtURKLCC5VXm1I+2i1u9OhxFsKAQJKTVB8WvDAHF+oZlq0GTVFOlTlO1q3AlCTE/DF32c16ESvfgqR7343/g=="],

    "@rollup/rollup-freebsd-arm64": ["@rollup/rollup-freebsd-arm64@4.60.2", "", { "os": "freebsd", "cpu": "arm64" }, "sha512-Bcl6CYDeAgE70cqZaMojOi/eK63h5Me97ZqAQoh77VPjMysA/4ORQBRGo3rRy45x4MzVlU9uZxs8Uwy7ZaKnBw=="],

    "@rollup/rollup-freebsd-x64": ["@rollup/rollup-freebsd-x64@4.60.2", "", { "os": "freebsd", "cpu": "x64" }, "sha512-LU+TPda3mAE2QB0/Hp5VyeKJivpC6+tlOXd1VMoXV/YFMvk/MNk5iXeBfB4MQGRWyOYVJ01625vjkr0Az98OJQ=="],

    "@rollup/rollup-linux-arm-gnueabihf": ["@rollup/rollup-linux-arm-gnueabihf@4.60.2", "", { "os": "linux", "cpu": "arm" }, "sha512-2QxQrM+KQ7DAW4o22j+XZ6RKdxjLD7BOWTP0Bv0tmjdyhXSsr2Ul1oJDQqh9Zf5qOwTuTc7Ek83mOFaKnodPjg=="],

    "@rollup/rollup-linux-arm-musleabihf": ["@rollup/rollup-linux-arm-musleabihf@4.60.2", "", { "os": "linux", "cpu": "arm" }, "sha512-TbziEu2DVsTEOPif2mKWkMeDMLoYjx95oESa9fkQQK7r/Orta0gnkcDpzwufEcAO2BLBsD7mZkXGFqEdMRRwfw=="],

    "@rollup/rollup-linux-arm64-gnu": ["@rollup/rollup-linux-arm64-gnu@4.60.2", "", { "os": "linux", "cpu": "arm64" }, "sha512-bO/rVDiDUuM2YfuCUwZ1t1cP+/yqjqz+Xf2VtkdppefuOFS2OSeAfgafaHNkFn0t02hEyXngZkxtGqXcXwO8Rg=="],

    "@rollup/rollup-linux-arm64-musl": ["@rollup/rollup-linux-arm64-musl@4.60.2", "", { "os": "linux", "cpu": "arm64" }, "sha512-hr26p7e93Rl0Za+JwW7EAnwAvKkehh12BU1Llm9Ykiibg4uIr2rbpxG9WCf56GuvidlTG9KiiQT/TXT1yAWxTA=="],

    "@rollup/rollup-linux-loong64-gnu": ["@rollup/rollup-linux-loong64-gnu@4.60.2", "", { "os": "linux", "cpu": "none" }, "sha512-pOjB/uSIyDt+ow3k/RcLvUAOGpysT2phDn7TTUB3n75SlIgZzM6NKAqlErPhoFU+npgY3/n+2HYIQVbF70P9/A=="],

    "@rollup/rollup-linux-loong64-musl": ["@rollup/rollup-linux-loong64-musl@4.60.2", "", { "os": "linux", "cpu": "none" }, "sha512-2/w+q8jszv9Ww1c+6uJT3OwqhdmGP2/4T17cu8WuwyUuuaCDDJ2ojdyYwZzCxx0GcsZBhzi3HmH+J5pZNXnd+Q=="],

    "@rollup/rollup-linux-ppc64-gnu": ["@rollup/rollup-linux-ppc64-gnu@4.60.2", "", { "os": "linux", "cpu": "ppc64" }, "sha512-11+aL5vKheYgczxtPVVRhdptAM2H7fcDR5Gw4/bTcteuZBlH4oP9f5s9zYO9aGZvoGeBpqXI/9TZZihZ609wKw=="],

    "@rollup/rollup-linux-ppc64-musl": ["@rollup/rollup-linux-ppc64-musl@4.60.2", "", { "os": "linux", "cpu": "ppc64" }, "sha512-i16fokAGK46IVZuV8LIIwMdtqhin9hfYkCh8pf8iC3QU3LpwL+1FSFGej+O7l3E/AoknL6Dclh2oTdnRMpTzFQ=="],

    "@rollup/rollup-linux-riscv64-gnu": ["@rollup/rollup-linux-riscv64-gnu@4.60.2", "", { "os": "linux", "cpu": "none" }, "sha512-49FkKS6RGQoriDSK/6E2GkAsAuU5kETFCh7pG4yD/ylj9rKhTmO3elsnmBvRD4PgJPds5W2PkhC82aVwmUcJ7A=="],

    "@rollup/rollup-linux-riscv64-musl": ["@rollup/rollup-linux-riscv64-musl@4.60.2", "", { "os": "linux", "cpu": "none" }, "sha512-mjYNkHPfGpUR00DuM1ZZIgs64Hpf4bWcz9Z41+4Q+pgDx73UwWdAYyf6EG/lRFldmdHHzgrYyge5akFUW0D3mQ=="],

    "@rollup/rollup-linux-s390x-gnu": ["@rollup/rollup-linux-s390x-gnu@4.60.2", "", { "os": "linux", "cpu": "s390x" }, "sha512-ALyvJz965BQk8E9Al/JDKKDLH2kfKFLTGMlgkAbbYtZuJt9LU8DW3ZoDMCtQpXAltZxwBHevXz5u+gf0yA0YoA=="],

    "@rollup/rollup-linux-x64-gnu": ["@rollup/rollup-linux-x64-gnu@4.60.2", "", { "os": "linux", "cpu": "x64" }, "sha512-UQjrkIdWrKI626Du8lCQ6MJp/6V1LAo2bOK9OTu4mSn8GGXIkPXk/Vsp4bLHCd9Z9Iz2OTEaokUE90VweJgIYQ=="],

    "@rollup/rollup-linux-x64-musl": ["@rollup/rollup-linux-x64-musl@4.60.2", "", { "os": "linux", "cpu": "x64" }, "sha512-bTsRGj6VlSdn/XD4CGyzMnzaBs9bsRxy79eTqTCBsA8TMIEky7qg48aPkvJvFe1HyzQ5oMZdg7AnVlWQSKLTnw=="],

    "@rollup/rollup-openbsd-x64": ["@rollup/rollup-openbsd-x64@4.60.2", "", { "os": "openbsd", "cpu": "x64" }, "sha512-6d4Z3534xitaA1FcMWP7mQPq5zGwBmGbhphh2DwaA1aNIXUu3KTOfwrWpbwI4/Gr0uANo7NTtaykFyO2hPuFLg=="],

    "@rollup/rollup-openharmony-arm64": ["@rollup/rollup-openharmony-arm64@4.60.2", "", { "os": "none", "cpu": "arm64" }, "sha512-NetAg5iO2uN7eB8zE5qrZ3CSil+7IJt4WDFLcC75Ymywq1VZVD6qJ6EvNLjZ3rEm6gB7XW5JdT60c6MN35Z85Q=="],

    "@rollup/rollup-win32-arm64-msvc": ["@rollup/rollup-win32-arm64-msvc@4.60.2", "", { "os": "win32", "cpu": "arm64" }, "sha512-NCYhOotpgWZ5kdxCZsv6Iudx0wX8980Q/oW4pNFNihpBKsDbEA1zpkfxJGC0yugsUuyDZ7gL37dbzwhR0VI7pQ=="],

    "@rollup/rollup-win32-ia32-msvc": ["@rollup/rollup-win32-ia32-msvc@4.60.2", "", { "os": "win32", "cpu": "ia32" }, "sha512-RXsaOqXxfoUBQoOgvmmijVxJnW2IGB0eoMO7F8FAjaj0UTywUO/luSqimWBJn04WNgUkeNhh7fs7pESXajWmkg=="],

    "@rollup/rollup-win32-x64-gnu": ["@rollup/rollup-win32-x64-gnu@4.60.2", "", { "os": "win32", "cpu": "x64" }, "sha512-qdAzEULD+/hzObedtmV6iBpdL5TIbKVztGiK7O3/KYSf+HIzU257+MX1EXJcyIiDbMAqmbwaufcYPvyRryeZtA=="],

    "@rollup/rollup-win32-x64-msvc": ["@rollup/rollup-win32-x64-msvc@4.60.2", "", { "os": "win32", "cpu": "x64" }, "sha512-Nd/SgG27WoA9e+/TdK74KnHz852TLa94ovOYySo/yMPuTmpckK/jIF2jSwS3g7ELSKXK13/cVdmg1Z/DaCWKxA=="],

    "@standard-schema/spec": ["@standard-schema/spec@1.1.0", "", {}, "sha512-l2aFy5jALhniG5HgqrD6jXLi/rUWrKvqN/qJx6yoJsgKhblVd+iqqU4RCXavm/jPityDo5TCvKMnpjKnOriy0w=="],

    "@sveltejs/acorn-typescript": ["@sveltejs/acorn-typescript@1.0.9", "", { "peerDependencies": { "acorn": "^8.9.0" } }, "sha512-lVJX6qEgs/4DOcRTpo56tmKzVPtoWAaVbL4hfO7t7NVwl9AAXzQR6cihesW1BmNMPl+bK6dreu2sOKBP2Q9CIA=="],

    "@sveltejs/vite-plugin-svelte": ["@sveltejs/vite-plugin-svelte@6.2.4", "", { "dependencies": { "@sveltejs/vite-plugin-svelte-inspector": "^5.0.0", "deepmerge": "^4.3.1", "magic-string": "^0.30.21", "obug": "^2.1.0", "vitefu": "^1.1.1" }, "peerDependencies": { "svelte": "^5.0.0", "vite": "^6.3.0 || ^7.0.0" } }, "sha512-ou/d51QSdTyN26D7h6dSpusAKaZkAiGM55/AKYi+9AGZw7q85hElbjK3kEyzXHhLSnRISHOYzVge6x0jRZ7DXA=="],

    "@sveltejs/vite-plugin-svelte-inspector": ["@sveltejs/vite-plugin-svelte-inspector@5.0.2", "", { "dependencies": { "obug": "^2.1.0" }, "peerDependencies": { "@sveltejs/vite-plugin-svelte": "^6.0.0-next.0", "svelte": "^5.0.0", "vite": "^6.3.0 || ^7.0.0" } }, "sha512-TZzRTcEtZffICSAoZGkPSl6Etsj2torOVrx6Uw0KpXxrec9Gg6jFWQ60Q3+LmNGfZSxHRCZL7vXVZIWmuV50Ig=="],

    "@tauri-apps/api": ["@tauri-apps/api@2.10.1", "", {}, "sha512-hKL/jWf293UDSUN09rR69hrToyIXBb8CjGaWC7gfinvnQrBVvnLr08FeFi38gxtugAVyVcTa5/FD/Xnkb1siBw=="],

    "@tauri-apps/cli": ["@tauri-apps/cli@2.10.1", "", { "optionalDependencies": { "@tauri-apps/cli-darwin-arm64": "2.10.1", "@tauri-apps/cli-darwin-x64": "2.10.1", "@tauri-apps/cli-linux-arm-gnueabihf": "2.10.1", "@tauri-apps/cli-linux-arm64-gnu": "2.10.1", "@tauri-apps/cli-linux-arm64-musl": "2.10.1", "@tauri-apps/cli-linux-riscv64-gnu": "2.10.1", "@tauri-apps/cli-linux-x64-gnu": "2.10.1", "@tauri-apps/cli-linux-x64-musl": "2.10.1", "@tauri-apps/cli-win32-arm64-msvc": "2.10.1", "@tauri-apps/cli-win32-ia32-msvc": "2.10.1", "@tauri-apps/cli-win32-x64-msvc": "2.10.1" }, "bin": { "tauri": "tauri.js" } }, "sha512-jQNGF/5quwORdZSSLtTluyKQ+o6SMa/AUICfhf4egCGFdMHqWssApVgYSbg+jmrZoc8e1DscNvjTnXtlHLS11g=="],

    "@tauri-apps/cli-darwin-arm64": ["@tauri-apps/cli-darwin-arm64@2.10.1", "", { "os": "darwin", "cpu": "arm64" }, "sha512-Z2OjCXiZ+fbYZy7PmP3WRnOpM9+Fy+oonKDEmUE6MwN4IGaYqgceTjwHucc/kEEYZos5GICve35f7ZiizgqEnQ=="],

    "@tauri-apps/cli-darwin-x64": ["@tauri-apps/cli-darwin-x64@2.10.1", "", { "os": "darwin", "cpu": "x64" }, "sha512-V/irQVvjPMGOTQqNj55PnQPVuH4VJP8vZCN7ajnj+ZS8Kom1tEM2hR3qbbIRoS3dBKs5mbG8yg1WC+97dq17Pw=="],

    "@tauri-apps/cli-linux-arm-gnueabihf": ["@tauri-apps/cli-linux-arm-gnueabihf@2.10.1", "", { "os": "linux", "cpu": "arm" }, "sha512-Hyzwsb4VnCWKGfTw+wSt15Z2pLw2f0JdFBfq2vHBOBhvg7oi6uhKiF87hmbXOBXUZaGkyRDkCHsdzJcIfoJC2w=="],

    "@tauri-apps/cli-linux-arm64-gnu": ["@tauri-apps/cli-linux-arm64-gnu@2.10.1", "", { "os": "linux", "cpu": "arm64" }, "sha512-OyOYs2t5GkBIvyWjA1+h4CZxTcdz1OZPCWAPz5DYEfB0cnWHERTnQ/SLayQzncrT0kwRoSfSz9KxenkyJoTelA=="],

    "@tauri-apps/cli-linux-arm64-musl": ["@tauri-apps/cli-linux-arm64-musl@2.10.1", "", { "os": "linux", "cpu": "arm64" }, "sha512-MIj78PDDGjkg3NqGptDOGgfXks7SYJwhiMh8SBoZS+vfdz7yP5jN18bNaLnDhsVIPARcAhE1TlsZe/8Yxo2zqg=="],

    "@tauri-apps/cli-linux-riscv64-gnu": ["@tauri-apps/cli-linux-riscv64-gnu@2.10.1", "", { "os": "linux", "cpu": "none" }, "sha512-X0lvOVUg8PCVaoEtEAnpxmnkwlE1gcMDTqfhbefICKDnOTJ5Est3qL0SrWxizDackIOKBcvtpejrSiVpuJI1kw=="],

    "@tauri-apps/cli-linux-x64-gnu": ["@tauri-apps/cli-linux-x64-gnu@2.10.1", "", { "os": "linux", "cpu": "x64" }, "sha512-2/12bEzsJS9fAKybxgicCDFxYD1WEI9kO+tlDwX5znWG2GwMBaiWcmhGlZ8fi+DMe9CXlcVarMTYc0L3REIRxw=="],

    "@tauri-apps/cli-linux-x64-musl": ["@tauri-apps/cli-linux-x64-musl@2.10.1", "", { "os": "linux", "cpu": "x64" }, "sha512-Y8J0ZzswPz50UcGOFuXGEMrxbjwKSPgXftx5qnkuMs2rmwQB5ssvLb6tn54wDSYxe7S6vlLob9vt0VKuNOaCIQ=="],

    "@tauri-apps/cli-win32-arm64-msvc": ["@tauri-apps/cli-win32-arm64-msvc@2.10.1", "", { "os": "win32", "cpu": "arm64" }, "sha512-iSt5B86jHYAPJa/IlYw++SXtFPGnWtFJriHn7X0NFBVunF6zu9+/zOn8OgqIWSl8RgzhLGXQEEtGBdR4wzpVgg=="],

    "@tauri-apps/cli-win32-ia32-msvc": ["@tauri-apps/cli-win32-ia32-msvc@2.10.1", "", { "os": "win32", "cpu": "ia32" }, "sha512-gXyxgEzsFegmnWywYU5pEBURkcFN/Oo45EAwvZrHMh+zUSEAvO5E8TXsgPADYm31d1u7OQU3O3HsYfVBf2moHw=="],

    "@tauri-apps/cli-win32-x64-msvc": ["@tauri-apps/cli-win32-x64-msvc@2.10.1", "", { "os": "win32", "cpu": "x64" }, "sha512-6Cn7YpPFwzChy0ERz6djKEmUehWrYlM+xTaNzGPgZocw3BD7OfwfWHKVWxXzdjEW2KfKkHddfdxK1XXTYqBRLg=="],

    "@tauri-apps/plugin-deep-link": ["@tauri-apps/plugin-deep-link@2.4.8", "", { "dependencies": { "@tauri-apps/api": "^2.10.1" } }, "sha512-Cd2Cs960MGuGONeIwxOPx9wqwedetAHOGlwK5boJ/SMTfAtAyfErpfVPEn+EJzgXsJun8EKzsEumHjr+64V4fw=="],

    "@tauri-apps/plugin-shell": ["@tauri-apps/plugin-shell@2.3.5", "", { "dependencies": { "@tauri-apps/api": "^2.10.1" } }, "sha512-jewtULhiQ7lI7+owCKAjc8tYLJr92U16bPOeAa472LHJdgaibLP83NcfAF2e+wkEcA53FxKQAZ7byDzs2eeizg=="],

    "@testing-library/dom": ["@testing-library/dom@10.4.1", "", { "dependencies": { "@babel/code-frame": "^7.10.4", "@babel/runtime": "^7.12.5", "@types/aria-query": "^5.0.1", "aria-query": "5.3.0", "dom-accessibility-api": "^0.5.9", "lz-string": "^1.5.0", "picocolors": "1.1.1", "pretty-format": "^27.0.2" } }, "sha512-o4PXJQidqJl82ckFaXUeoAW+XysPLauYI43Abki5hABd853iMhitooc6znOnczgbTYmEP6U6/y1ZyKAIsvMKGg=="],

    "@testing-library/svelte": ["@testing-library/svelte@5.3.1", "", { "dependencies": { "@testing-library/dom": "9.x.x || 10.x.x", "@testing-library/svelte-core": "1.0.0" }, "peerDependencies": { "svelte": "^3 || ^4 || ^5 || ^5.0.0-next.0", "vite": "*", "vitest": "*" }, "optionalPeers": ["vite", "vitest"] }, "sha512-8Ez7ZOqW5geRf9PF5rkuopODe5RGy3I9XR+kc7zHh26gBiktLaxTfKmhlGaSHYUOTQE7wFsLMN9xCJVCszw47w=="],

    "@testing-library/svelte-core": ["@testing-library/svelte-core@1.0.0", "", { "peerDependencies": { "svelte": "^3 || ^4 || ^5 || ^5.0.0-next.0" } }, "sha512-VkUePoLV6oOYwSUvX6ShA8KLnJqZiYMIbP2JW2t0GLWLkJxKGvuH5qrrZBV/X7cXFnLGuFQEC7RheYiZOW68KQ=="],

    "@tsconfig/svelte": ["@tsconfig/svelte@5.0.8", "", {}, "sha512-UkNnw1/oFEfecR8ypyHIQuWYdkPvHiwcQ78sh+ymIiYoF+uc5H1UBetbjyqT+vgGJ3qQN6nhucJviX6HesWtKQ=="],

    "@types/aria-query": ["@types/aria-query@5.0.4", "", {}, "sha512-rfT93uj5s0PRL7EzccGMs3brplhcrghnDoV26NqKhCAS1hVo+WdNsPvE/yb6ilfr5hi2MEk6d5EWJTKdxg8jVw=="],

    "@types/chai": ["@types/chai@5.2.3", "", { "dependencies": { "@types/deep-eql": "*", "assertion-error": "^2.0.1" } }, "sha512-Mw558oeA9fFbv65/y4mHtXDs9bPnFMZAL/jxdPFUpOHHIXX91mcgEHbS5Lahr+pwZFR8A7GQleRWeI6cGFC2UA=="],

    "@types/deep-eql": ["@types/deep-eql@4.0.2", "", {}, "sha512-c9h9dVVMigMPc4bwTvC5dxqtqJZwQPePsWjPlpSOnojbor6pGqdk541lfA7AqFQr5pB1BRdq0juY9db81BwyFw=="],

    "@types/estree": ["@types/estree@1.0.8", "", {}, "sha512-dWHzHa2WqEXI/O1E9OjrocMTKJl2mSrEolh1Iomrv6U+JuNwaHXsXx9bLu5gG7BUWFIN0skIQJQ/L1rIex4X6w=="],

    "@types/trusted-types": ["@types/trusted-types@2.0.7", "", {}, "sha512-ScaPdn1dQczgbl0QFTeTOmVHFULt394XJgOQNoyVhZ6r2vLnMLJfBPd53SB52T/3G36VI1/g2MZaX0cwDuXsfw=="],

    "@vitest/expect": ["@vitest/expect@4.1.5", "", { "dependencies": { "@standard-schema/spec": "^1.1.0", "@types/chai": "^5.2.2", "@vitest/spy": "4.1.5", "@vitest/utils": "4.1.5", "chai": "^6.2.2", "tinyrainbow": "^3.1.0" } }, "sha512-PWBaRY5JoKuRnHlUHfpV/KohFylaDZTupcXN1H9vYryNLOnitSw60Mw9IAE2r67NbwwzBw/Cc/8q9BK3kIX8Kw=="],

    "@vitest/mocker": ["@vitest/mocker@4.1.5", "", { "dependencies": { "@vitest/spy": "4.1.5", "estree-walker": "^3.0.3", "magic-string": "^0.30.21" }, "peerDependencies": { "msw": "^2.4.9", "vite": "^6.0.0 || ^7.0.0 || ^8.0.0" }, "optionalPeers": ["msw", "vite"] }, "sha512-/x2EmFC4mT4NNzqvC3fmesuV97w5FC903KPmey4gsnJiMQ3Be1IlDKVaDaG8iqaLFHqJ2FVEkxZk5VmeLjIItw=="],

    "@vitest/pretty-format": ["@vitest/pretty-format@4.1.5", "", { "dependencies": { "tinyrainbow": "^3.1.0" } }, "sha512-7I3q6l5qr03dVfMX2wCo9FxwSJbPdwKjy2uu/YPpU3wfHvIL4QHwVRp57OfGrDFeUJ8/8QdfBKIV12FTtLn00g=="],

    "@vitest/runner": ["@vitest/runner@4.1.5", "", { "dependencies": { "@vitest/utils": "4.1.5", "pathe": "^2.0.3" } }, "sha512-2D+o7Pr82IEO46YPpoA/YU0neeyr6FTerQb5Ro7BUnBuv6NQtT/kmVnczngiMEBhzgqz2UZYl5gArejsyERDSQ=="],

    "@vitest/snapshot": ["@vitest/snapshot@4.1.5", "", { "dependencies": { "@vitest/pretty-format": "4.1.5", "@vitest/utils": "4.1.5", "magic-string": "^0.30.21", "pathe": "^2.0.3" } }, "sha512-zypXEt4KH/XgKGPUz4eC2AvErYx0My5hfL8oDb1HzGFpEk1P62bxSohdyOmvz+d9UJwanI68MKwr2EquOaOgMQ=="],

    "@vitest/spy": ["@vitest/spy@4.1.5", "", {}, "sha512-2lNOsh6+R2Idnf1TCZqSwYlKN2E/iDlD8sgU59kYVl+OMDmvldO1VDk39smRfpUNwYpNRVn3w4YfuC7KfbBnkQ=="],

    "@vitest/utils": ["@vitest/utils@4.1.5", "", { "dependencies": { "@vitest/pretty-format": "4.1.5", "convert-source-map": "^2.0.0", "tinyrainbow": "^3.1.0" } }, "sha512-76wdkrmfXfqGjueGgnb45ITPyUi1ycZ4IHgC2bhPDUfWHklY/q3MdLOAB+TF1e6xfl8NxNY0ZYaPCFNWSsw3Ug=="],

    "acorn": ["acorn@8.16.0", "", { "bin": { "acorn": "bin/acorn" } }, "sha512-UVJyE9MttOsBQIDKw1skb9nAwQuR5wuGD3+82K6JgJlm/Y+KI92oNsMNGZCYdDsVtRHSak0pcV5Dno5+4jh9sw=="],

    "agent-base": ["agent-base@7.1.4", "", {}, "sha512-MnA+YT8fwfJPgBx3m60MNqakm30XOkyIoH1y6huTQvC0PwZG7ki8NacLBcrPbNoo8vEZy7Jpuk7+jMO+CUovTQ=="],

    "ansi-regex": ["ansi-regex@5.0.1", "", {}, "sha512-quJQXlTSUGL2LH9SUXo8VwsY4soanhgo6LNSm84E1LBcE8s3O0wpdiRzyR9z/ZZJMlMWv37qOOb9pdJlMUEKFQ=="],

    "ansi-styles": ["ansi-styles@5.2.0", "", {}, "sha512-Cxwpt2SfTzTtXcfOlzGEee8O+c+MmUgGrNiBcXnuWxuFJHe6a5Hz7qwhwe5OgaSYI0IJvkLqWX1ASG+cJOkEiA=="],

    "aria-query": ["aria-query@5.3.1", "", {}, "sha512-Z/ZeOgVl7bcSYZ/u/rh0fOpvEpq//LZmdbkXyc7syVzjPAhfOa9ebsdTSjEBDU4vs5nC98Kfduj1uFo0qyET3g=="],

    "assertion-error": ["assertion-error@2.0.1", "", {}, "sha512-Izi8RQcffqCeNVgFigKli1ssklIbpHnCYc6AknXGYoB6grJqyeby7jv12JUQgmTAnIDnbck1uxksT4dzN3PWBA=="],

    "axobject-query": ["axobject-query@4.1.0", "", {}, "sha512-qIj0G9wZbMGNLjLmg1PT6v2mE9AH2zlnADJD/2tC6E00hgmhUOfEB6greHPAfLRSufHqROIUTkw6E+M3lH0PTQ=="],

    "bidi-js": ["bidi-js@1.0.3", "", { "dependencies": { "require-from-string": "^2.0.2" } }, "sha512-RKshQI1R3YQ+n9YJz2QQ147P66ELpa1FQEg20Dk8oW9t2KgLbpDLLp9aGZ7y8WHSshDknG0bknqGw5/tyCs5tw=="],

    "chai": ["chai@6.2.2", "", {}, "sha512-NUPRluOfOiTKBKvWPtSD4PhFvWCqOi0BGStNWs57X9js7XGTprSmFoz5F0tWhR4WPjNeR9jXqdC7/UpSJTnlRg=="],

    "chokidar": ["chokidar@4.0.3", "", { "dependencies": { "readdirp": "^4.0.1" } }, "sha512-Qgzu8kfBvo+cA4962jnP1KkS6Dop5NS6g7R5LFYJr4b8Ub94PPQXUksCw9PvXoeXPRRddRNC5C1JQUR2SMGtnA=="],

    "clsx": ["clsx@2.1.1", "", {}, "sha512-eYm0QWBtUrBWZWG0d386OGAw16Z995PiOVo2B7bjWSbHedGl5e0ZWaq65kOGgUSNesEIDkB9ISbTg/JK9dhCZA=="],

    "convert-source-map": ["convert-source-map@2.0.0", "", {}, "sha512-Kvp459HrV2FEJ1CAsi1Ku+MY3kasH19TFykTz2xWmMeq6bk2NU3XXvfJ+Q61m0xktWwt+1HSYf3JZsTms3aRJg=="],

    "css-tree": ["css-tree@3.2.1", "", { "dependencies": { "mdn-data": "2.27.1", "source-map-js": "^1.2.1" } }, "sha512-X7sjQzceUhu1u7Y/ylrRZFU2FS6LRiFVp6rKLPg23y3x3c3DOKAwuXGDp+PAGjh6CSnCjYeAul8pcT8bAl+lSA=="],

    "cssstyle": ["cssstyle@5.3.7", "", { "dependencies": { "@asamuzakjp/css-color": "^4.1.1", "@csstools/css-syntax-patches-for-csstree": "^1.0.21", "css-tree": "^3.1.0", "lru-cache": "^11.2.4" } }, "sha512-7D2EPVltRrsTkhpQmksIu+LxeWAIEk6wRDMJ1qljlv+CKHJM+cJLlfhWIzNA44eAsHXSNe3+vO6DW1yCYx8SuQ=="],

    "data-urls": ["data-urls@6.0.1", "", { "dependencies": { "whatwg-mimetype": "^5.0.0", "whatwg-url": "^15.1.0" } }, "sha512-euIQENZg6x8mj3fO6o9+fOW8MimUI4PpD/fZBhJfeioZVy9TUpM4UY7KjQNVZFlqwJ0UdzRDzkycB997HEq1BQ=="],

    "debug": ["debug@4.4.3", "", { "dependencies": { "ms": "^2.1.3" } }, "sha512-RGwwWnwQvkVfavKVt22FGLw+xYSdzARwm0ru6DhTVA3umU5hZc28V3kO4stgYryrTlLpuvgI9GiijltAjNbcqA=="],

    "decimal.js": ["decimal.js@10.6.0", "", {}, "sha512-YpgQiITW3JXGntzdUmyUR1V812Hn8T1YVXhCu+wO3OpS4eU9l4YdD3qjyiKdV6mvV29zapkMeD390UVEf2lkUg=="],

    "deepmerge": ["deepmerge@4.3.1", "", {}, "sha512-3sUqbMEc77XqpdNO7FRyRog+eW3ph+GYCbj+rK+uYyRMuwsVy0rMiVtPn+QJlKFvWP/1PYpapqYn0Me2knFn+A=="],

    "dequal": ["dequal@2.0.3", "", {}, "sha512-0je+qPKHEMohvfRTCEo3CrPG6cAzAYgmzKyxRiYSSDkS6eGJdyVJm7WaYA5ECaAD9wLB2T4EEeymA5aFVcYXCA=="],

    "devalue": ["devalue@5.7.1", "", {}, "sha512-MUbZ586EgQqdRnC4yDrlod3BEdyvE4TapGYHMW2CiaW+KkkFmWEFqBUaLltEZCGi0iFXCEjRF0OjF0DV2QHjOA=="],

    "dom-accessibility-api": ["dom-accessibility-api@0.5.16", "", {}, "sha512-X7BJ2yElsnOJ30pZF4uIIDfBEVgF4XEBxL9Bxhy6dnrm5hkzqmsWHGTiHqRiITNhMyFLyAiWndIJP7Z1NTteDg=="],

    "entities": ["entities@8.0.0", "", {}, "sha512-zwfzJecQ/Uej6tusMqwAqU/6KL2XaB2VZ2Jg54Je6ahNBGNH6Ek6g3jjNCF0fG9EWQKGZNddNjU5F1ZQn/sBnA=="],

    "es-module-lexer": ["es-module-lexer@2.1.0", "", {}, "sha512-n27zTYMjYu1aj4MjCWzSP7G9r75utsaoc8m61weK+W8JMBGGQybd43GstCXZ3WNmSFtGT9wi59qQTW6mhTR5LQ=="],

    "esbuild": ["esbuild@0.27.7", "", { "optionalDependencies": { "@esbuild/aix-ppc64": "0.27.7", "@esbuild/android-arm": "0.27.7", "@esbuild/android-arm64": "0.27.7", "@esbuild/android-x64": "0.27.7", "@esbuild/darwin-arm64": "0.27.7", "@esbuild/darwin-x64": "0.27.7", "@esbuild/freebsd-arm64": "0.27.7", "@esbuild/freebsd-x64": "0.27.7", "@esbuild/linux-arm": "0.27.7", "@esbuild/linux-arm64": "0.27.7", "@esbuild/linux-ia32": "0.27.7", "@esbuild/linux-loong64": "0.27.7", "@esbuild/linux-mips64el": "0.27.7", "@esbuild/linux-ppc64": "0.27.7", "@esbuild/linux-riscv64": "0.27.7", "@esbuild/linux-s390x": "0.27.7", "@esbuild/linux-x64": "0.27.7", "@esbuild/netbsd-arm64": "0.27.7", "@esbuild/netbsd-x64": "0.27.7", "@esbuild/openbsd-arm64": "0.27.7", "@esbuild/openbsd-x64": "0.27.7", "@esbuild/openharmony-arm64": "0.27.7", "@esbuild/sunos-x64": "0.27.7", "@esbuild/win32-arm64": "0.27.7", "@esbuild/win32-ia32": "0.27.7", "@esbuild/win32-x64": "0.27.7" }, "bin": { "esbuild": "bin/esbuild" } }, "sha512-IxpibTjyVnmrIQo5aqNpCgoACA/dTKLTlhMHihVHhdkxKyPO1uBBthumT0rdHmcsk9uMonIWS0m4FljWzILh3w=="],

    "esm-env": ["esm-env@1.2.2", "", {}, "sha512-Epxrv+Nr/CaL4ZcFGPJIYLWFom+YeV1DqMLHJoEd9SYRxNbaFruBwfEX/kkHUJf55j2+TUbmDcmuilbP1TmXHA=="],

    "esrap": ["esrap@2.2.5", "", { "dependencies": { "@jridgewell/sourcemap-codec": "^1.4.15" }, "peerDependencies": { "@typescript-eslint/types": "^8.2.0" }, "optionalPeers": ["@typescript-eslint/types"] }, "sha512-/yLB1538mag+dn0wsePTe8C0rDIjUOaJpMs2McodSzmM2msWcZsBSdRtg6HOBt0A/r82BN+Md3pgwSc/uWt2Ig=="],

    "estree-walker": ["estree-walker@3.0.3", "", { "dependencies": { "@types/estree": "^1.0.0" } }, "sha512-7RUKfXgSMMkzt6ZuXmqapOurLGPPfgj6l9uRZ7lRGolvk0y2yocc35LdcxKC5PQZdn2DMqioAQ2NoWcrTKmm6g=="],

    "expect-type": ["expect-type@1.3.0", "", {}, "sha512-knvyeauYhqjOYvQ66MznSMs83wmHrCycNEN6Ao+2AeYEfxUIkuiVxdEa1qlGEPK+We3n0THiDciYSsCcgW/DoA=="],

    "fdir": ["fdir@6.5.0", "", { "peerDependencies": { "picomatch": "^3 || ^4" }, "optionalPeers": ["picomatch"] }, "sha512-tIbYtZbucOs0BRGqPJkshJUYdL+SDH7dVM8gjy+ERp3WAUjLEFJE+02kanyHtwjWOnwrKYBiwAmM0p4kLJAnXg=="],

    "fsevents": ["fsevents@2.3.3", "", { "os": "darwin" }, "sha512-5xoDfX+fL7faATnagmWPpbFtwh/R77WmMMqqHGS65C3vvB0YHrgF+B1YmZ3441tMj5n63k0212XNoJwzlhffQw=="],

    "html-encoding-sniffer": ["html-encoding-sniffer@6.0.0", "", { "dependencies": { "@exodus/bytes": "^1.6.0" } }, "sha512-CV9TW3Y3f8/wT0BRFc1/KAVQ3TUHiXmaAb6VW9vtiMFf7SLoMd1PdAc4W3KFOFETBJUb90KatHqlsZMWV+R9Gg=="],

    "http-proxy-agent": ["http-proxy-agent@7.0.2", "", { "dependencies": { "agent-base": "^7.1.0", "debug": "^4.3.4" } }, "sha512-T1gkAiYYDWYx3V5Bmyu7HcfcvL7mUrTWiM6yOfa3PIphViJ/gFPbvidQ+veqSOHci/PxBcDabeUNCzpOODJZig=="],

    "https-proxy-agent": ["https-proxy-agent@7.0.6", "", { "dependencies": { "agent-base": "^7.1.2", "debug": "4" } }, "sha512-vK9P5/iUfdl95AI+JVyUuIcVtd4ofvtrOr3HNtM2yxC9bnMbEdp3x01OhQNnjb8IJYi38VlTE3mBXwcfvywuSw=="],

    "is-potential-custom-element-name": ["is-potential-custom-element-name@1.0.1", "", {}, "sha512-bCYeRA2rVibKZd+s2625gGnGF/t7DSqDs4dP7CrLA1m7jKWz6pps0LpYLJN8Q64HtmPKJ1hrN3nzPNKFEKOUiQ=="],

    "is-reference": ["is-reference@3.0.3", "", { "dependencies": { "@types/estree": "^1.0.6" } }, "sha512-ixkJoqQvAP88E6wLydLGGqCJsrFUnqoH6HnaczB8XmDH1oaWU+xxdptvikTgaEhtZ53Ky6YXiBuUI2WXLMCwjw=="],

    "js-tokens": ["js-tokens@4.0.0", "", {}, "sha512-RdJUflcE3cUzKiMqQgsCu06FPu9UdIJO0beYbPhHN4k6apgJtifcoCtT9bcxOpYBtpD2kCM6Sbzg4CausW/PKQ=="],

    "jsdom": ["jsdom@27.4.0", "", { "dependencies": { "@acemir/cssom": "^0.9.28", "@asamuzakjp/dom-selector": "^6.7.6", "@exodus/bytes": "^1.6.0", "cssstyle": "^5.3.4", "data-urls": "^6.0.0", "decimal.js": "^10.6.0", "html-encoding-sniffer": "^6.0.0", "http-proxy-agent": "^7.0.2", "https-proxy-agent": "^7.0.6", "is-potential-custom-element-name": "^1.0.1", "parse5": "^8.0.0", "saxes": "^6.0.0", "symbol-tree": "^3.2.4", "tough-cookie": "^6.0.0", "w3c-xmlserializer": "^5.0.0", "webidl-conversions": "^8.0.0", "whatwg-mimetype": "^4.0.0", "whatwg-url": "^15.1.0", "ws": "^8.18.3", "xml-name-validator": "^5.0.0" }, "peerDependencies": { "canvas": "^3.0.0" }, "optionalPeers": ["canvas"] }, "sha512-mjzqwWRD9Y1J1KUi7W97Gja1bwOOM5Ug0EZ6UDK3xS7j7mndrkwozHtSblfomlzyB4NepioNt+B2sOSzczVgtQ=="],

    "locate-character": ["locate-character@3.0.0", "", {}, "sha512-SW13ws7BjaeJ6p7Q6CO2nchbYEc3X3J6WrmTTDto7yMPqVSZTUyY5Tjbid+Ab8gLnATtygYtiDIJGQRRn2ZOiA=="],

    "lru-cache": ["lru-cache@11.3.5", "", {}, "sha512-NxVFwLAnrd9i7KUBxC4DrUhmgjzOs+1Qm50D3oF1/oL+r1NpZ4gA7xvG0/zJ8evR7zIKn4vLf7qTNduWFtCrRw=="],

    "lz-string": ["lz-string@1.5.0", "", { "bin": { "lz-string": "bin/bin.js" } }, "sha512-h5bgJWpxJNswbU7qCrV0tIKQCaS3blPDrqKWx+QxzuzL1zGUzij9XCWLrSLsJPu5t+eWA/ycetzYAO5IOMcWAQ=="],

    "magic-string": ["magic-string@0.30.21", "", { "dependencies": { "@jridgewell/sourcemap-codec": "^1.5.5" } }, "sha512-vd2F4YUyEXKGcLHoq+TEyCjxueSeHnFxyyjNp80yg0XV4vUhnDer/lvvlqM/arB5bXQN5K2/3oinyCRyx8T2CQ=="],

    "mdn-data": ["mdn-data@2.27.1", "", {}, "sha512-9Yubnt3e8A0OKwxYSXyhLymGW4sCufcLG6VdiDdUGVkPhpqLxlvP5vl1983gQjJl3tqbrM731mjaZaP68AgosQ=="],

    "mri": ["mri@1.2.0", "", {}, "sha512-tzzskb3bG8LvYGFF/mDTpq3jpI6Q9wc3LEmBaghu+DdCssd1FakN7Bc0hVNmEyGq1bq3RgfkCb3cmQLpNPOroA=="],

    "ms": ["ms@2.1.3", "", {}, "sha512-6FlzubTLZG3J2a/NVCAleEhjzq5oxgHyaCU9yYXvcLsvoVaHJq/s5xXI6/XXP6tz7R9xAOtHnSO/tXtF3WRTlA=="],

    "nanoid": ["nanoid@3.3.11", "", { "bin": { "nanoid": "bin/nanoid.cjs" } }, "sha512-N8SpfPUnUp1bK+PMYW8qSWdl9U+wwNWI4QKxOYDy9JAro3WMX7p2OeVRF9v+347pnakNevPmiHhNmZ2HbFA76w=="],

    "obug": ["obug@2.1.1", "", {}, "sha512-uTqF9MuPraAQ+IsnPf366RG4cP9RtUi7MLO1N3KEc+wb0a6yKpeL0lmk2IB1jY5KHPAlTc6T/JRdC/YqxHNwkQ=="],

    "parse5": ["parse5@8.0.1", "", { "dependencies": { "entities": "^8.0.0" } }, "sha512-z1e/HMG90obSGeidlli3hj7cbocou0/wa5HacvI3ASx34PecNjNQeaHNo5WIZpWofN9kgkqV1q5YvXe3F0FoPw=="],

    "pathe": ["pathe@2.0.3", "", {}, "sha512-WUjGcAqP1gQacoQe+OBJsFA7Ld4DyXuUIjZ5cc75cLHvJ7dtNsTugphxIADwspS+AraAUePCKrSVtPLFj/F88w=="],

    "picocolors": ["picocolors@1.1.1", "", {}, "sha512-xceH2snhtb5M9liqDsmEw56le376mTZkEX/jEb/RxNFyegNul7eNslCXP9FDj/Lcu0X8KEyMceP2ntpaHrDEVA=="],

    "picomatch": ["picomatch@4.0.4", "", {}, "sha512-QP88BAKvMam/3NxH6vj2o21R6MjxZUAd6nlwAS/pnGvN9IVLocLHxGYIzFhg6fUQ+5th6P4dv4eW9jX3DSIj7A=="],

    "postcss": ["postcss@8.5.12", "", { "dependencies": { "nanoid": "^3.3.11", "picocolors": "^1.1.1", "source-map-js": "^1.2.1" } }, "sha512-W62t/Se6rA0Az3DfCL0AqJwXuKwBeYg6nOaIgzP+xZ7N5BFCI7DYi1qs6ygUYT6rvfi6t9k65UMLJC+PHZpDAA=="],

    "pretty-format": ["pretty-format@27.5.1", "", { "dependencies": { "ansi-regex": "^5.0.1", "ansi-styles": "^5.0.0", "react-is": "^17.0.1" } }, "sha512-Qb1gy5OrP5+zDf2Bvnzdl3jsTf1qXVMazbvCoKhtKqVs4/YK4ozX4gKQJJVyNe+cajNPn0KoC0MC3FUmaHWEmQ=="],

    "punycode": ["punycode@2.3.1", "", {}, "sha512-vYt7UD1U9Wg6138shLtLOvdAu+8DsC/ilFtEVHcH+wydcSpNE20AfSOduf6MkRFahL5FY7X1oU7nKVZFtfq8Fg=="],

    "react-is": ["react-is@17.0.2", "", {}, "sha512-w2GsyukL62IJnlaff/nRegPQR94C/XXamvMWmSHRJ4y7Ts/4ocGRmTHvOs8PSE6pB3dWOrD/nueuU5sduBsQ4w=="],

    "readdirp": ["readdirp@4.1.2", "", {}, "sha512-GDhwkLfywWL2s6vEjyhri+eXmfH6j1L7JE27WhqLeYzoh/A3DBaYGEj2H/HFZCn/kMfim73FXxEJTw06WtxQwg=="],

    "require-from-string": ["require-from-string@2.0.2", "", {}, "sha512-Xf0nWe6RseziFMu+Ap9biiUbmplq6S9/p+7w7YXP/JBHhrUDDUhwa+vANyubuqfZWTveU//DYVGsDG7RKL/vEw=="],

    "rollup": ["rollup@4.60.2", "", { "dependencies": { "@types/estree": "1.0.8" }, "optionalDependencies": { "@rollup/rollup-android-arm-eabi": "4.60.2", "@rollup/rollup-android-arm64": "4.60.2", "@rollup/rollup-darwin-arm64": "4.60.2", "@rollup/rollup-darwin-x64": "4.60.2", "@rollup/rollup-freebsd-arm64": "4.60.2", "@rollup/rollup-freebsd-x64": "4.60.2", "@rollup/rollup-linux-arm-gnueabihf": "4.60.2", "@rollup/rollup-linux-arm-musleabihf": "4.60.2", "@rollup/rollup-linux-arm64-gnu": "4.60.2", "@rollup/rollup-linux-arm64-musl": "4.60.2", "@rollup/rollup-linux-loong64-gnu": "4.60.2", "@rollup/rollup-linux-loong64-musl": "4.60.2", "@rollup/rollup-linux-ppc64-gnu": "4.60.2", "@rollup/rollup-linux-ppc64-musl": "4.60.2", "@rollup/rollup-linux-riscv64-gnu": "4.60.2", "@rollup/rollup-linux-riscv64-musl": "4.60.2", "@rollup/rollup-linux-s390x-gnu": "4.60.2", "@rollup/rollup-linux-x64-gnu": "4.60.2", "@rollup/rollup-linux-x64-musl": "4.60.2", "@rollup/rollup-openbsd-x64": "4.60.2", "@rollup/rollup-openharmony-arm64": "4.60.2", "@rollup/rollup-win32-arm64-msvc": "4.60.2", "@rollup/rollup-win32-ia32-msvc": "4.60.2", "@rollup/rollup-win32-x64-gnu": "4.60.2", "@rollup/rollup-win32-x64-msvc": "4.60.2", "fsevents": "~2.3.2" }, "bin": { "rollup": "dist/bin/rollup" } }, "sha512-J9qZyW++QK/09NyN/zeO0dG/1GdGfyp9lV8ajHnRVLfo/uFsbji5mHnDgn/qYdUHyCkM2N+8VyspgZclfAh0eQ=="],

    "sade": ["sade@1.8.1", "", { "dependencies": { "mri": "^1.1.0" } }, "sha512-xal3CZX1Xlo/k4ApwCFrHVACi9fBqJ7V+mwhBsuf/1IOKbBy098Fex+Wa/5QMubw09pSZ/u8EY8PWgevJsXp1A=="],

    "saxes": ["saxes@6.0.0", "", { "dependencies": { "xmlchars": "^2.2.0" } }, "sha512-xAg7SOnEhrm5zI3puOOKyy1OMcMlIJZYNJY7xLBwSze0UjhPLnWfj2GF2EpT0jmzaJKIWKHLsaSSajf35bcYnA=="],

    "siginfo": ["siginfo@2.0.0", "", {}, "sha512-ybx0WO1/8bSBLEWXZvEd7gMW3Sn3JFlW3TvX1nREbDLRNQNaeNN8WK0meBwPdAaOI7TtRRRJn/Es1zhrrCHu7g=="],

    "source-map-js": ["source-map-js@1.2.1", "", {}, "sha512-UXWMKhLOwVKb728IUtQPXxfYU+usdybtUrK/8uGE8CQMvrhOpwvzDBwj0QhSL7MQc7vIsISBG8VQ8+IDQxpfQA=="],

    "stackback": ["stackback@0.0.2", "", {}, "sha512-1XMJE5fQo1jGH6Y/7ebnwPOBEkIEnT4QF32d5R1+VXdXveM0IBMJt8zfaxX1P3QhVwrYe+576+jkANtSS2mBbw=="],

    "std-env": ["std-env@4.1.0", "", {}, "sha512-Rq7ybcX2RuC55r9oaPVEW7/xu3tj8u4GeBYHBWCychFtzMIr86A7e3PPEBPT37sHStKX3+TiX/Fr/ACmJLVlLQ=="],

    "svelte": ["svelte@5.55.5", "", { "dependencies": { "@jridgewell/remapping": "^2.3.4", "@jridgewell/sourcemap-codec": "^1.5.0", "@sveltejs/acorn-typescript": "^1.0.5", "@types/estree": "^1.0.5", "@types/trusted-types": "^2.0.7", "acorn": "^8.12.1", "aria-query": "5.3.1", "axobject-query": "^4.1.0", "clsx": "^2.1.1", "devalue": "^5.6.4", "esm-env": "^1.2.1", "esrap": "^2.2.4", "is-reference": "^3.0.3", "locate-character": "^3.0.0", "magic-string": "^0.30.11", "zimmerframe": "^1.1.2" } }, "sha512-2uCs/LZ9us+AktdzYJM8OcxQ8qnPS1kpaO7syGT/MgO+6Qr1Ybl+TqPq+97u7PHqmmMlye5ZkoyXONy5mjjAbw=="],

    "svelte-check": ["svelte-check@4.4.6", "", { "dependencies": { "@jridgewell/trace-mapping": "^0.3.25", "chokidar": "^4.0.1", "fdir": "^6.2.0", "picocolors": "^1.0.0", "sade": "^1.7.4" }, "peerDependencies": { "svelte": "^4.0.0 || ^5.0.0-next.0", "typescript": ">=5.0.0" }, "bin": { "svelte-check": "bin/svelte-check" } }, "sha512-kP1zG81EWaFe9ZyTv4ZXv44Csi6Pkdpb7S3oj6m+K2ec/IcDg/a8LsFsnVLqm2nxtkSwsd5xPj/qFkTBgXHXjg=="],

    "symbol-tree": ["symbol-tree@3.2.4", "", {}, "sha512-9QNk5KwDF+Bvz+PyObkmSYjI5ksVUYtjW7AU22r2NKcfLJcXp96hkDWU3+XndOsUb+AQ9QhfzfCT2O+CNWT5Tw=="],

    "tinybench": ["tinybench@2.9.0", "", {}, "sha512-0+DUvqWMValLmha6lr4kD8iAMK1HzV0/aKnCtWb9v9641TnP/MFb7Pc2bxoxQjTXAErryXVgUOfv2YqNllqGeg=="],

    "tinyexec": ["tinyexec@1.1.1", "", {}, "sha512-VKS/ZaQhhkKFMANmAOhhXVoIfBXblQxGX1myCQ2faQrfmobMftXeJPcZGp0gS07ocvGJWDLZGyOZDadDBqYIJg=="],

    "tinyglobby": ["tinyglobby@0.2.16", "", { "dependencies": { "fdir": "^6.5.0", "picomatch": "^4.0.4" } }, "sha512-pn99VhoACYR8nFHhxqix+uvsbXineAasWm5ojXoN8xEwK5Kd3/TrhNn1wByuD52UxWRLy8pu+kRMniEi6Eq9Zg=="],

    "tinyrainbow": ["tinyrainbow@3.1.0", "", {}, "sha512-Bf+ILmBgretUrdJxzXM0SgXLZ3XfiaUuOj/IKQHuTXip+05Xn+uyEYdVg0kYDipTBcLrCVyUzAPz7QmArb0mmw=="],

    "tldts": ["tldts@7.0.28", "", { "dependencies": { "tldts-core": "^7.0.28" }, "bin": { "tldts": "bin/cli.js" } }, "sha512-+Zg3vWhRUv8B1maGSTFdev9mjoo8Etn2Ayfs4cnjlD3CsGkxXX4QyW3j2WJ0wdjYcYmy7Lx2RDsZMhgCWafKIw=="],

    "tldts-core": ["tldts-core@7.0.28", "", {}, "sha512-7W5Efjhsc3chVdFhqtaU0KtK32J37Zcr9RKtID54nG+tIpcY79CQK/veYPODxtD/LJ4Lue66jvrQzIX2Z2/pUQ=="],

    "tough-cookie": ["tough-cookie@6.0.1", "", { "dependencies": { "tldts": "^7.0.5" } }, "sha512-LktZQb3IeoUWB9lqR5EWTHgW/VTITCXg4D21M+lvybRVdylLrRMnqaIONLVb5mav8vM19m44HIcGq4qASeu2Qw=="],

    "tr46": ["tr46@6.0.0", "", { "dependencies": { "punycode": "^2.3.1" } }, "sha512-bLVMLPtstlZ4iMQHpFHTR7GAGj2jxi8Dg0s2h2MafAE4uSWF98FC/3MomU51iQAMf8/qDUbKWf5GxuvvVcXEhw=="],

    "typescript": ["typescript@5.9.3", "", { "bin": { "tsc": "bin/tsc", "tsserver": "bin/tsserver" } }, "sha512-jl1vZzPDinLr9eUt3J/t7V6FgNEw9QjvBPdysz9KfQDD41fQrC2Y4vKQdiaUpFT4bXlb1RHhLpp8wtm6M5TgSw=="],

    "vite": ["vite@7.3.2", "", { "dependencies": { "esbuild": "^0.27.0", "fdir": "^6.5.0", "picomatch": "^4.0.3", "postcss": "^8.5.6", "rollup": "^4.43.0", "tinyglobby": "^0.2.15" }, "optionalDependencies": { "fsevents": "~2.3.3" }, "peerDependencies": { "@types/node": "^20.19.0 || >=22.12.0", "jiti": ">=1.21.0", "less": "^4.0.0", "lightningcss": "^1.21.0", "sass": "^1.70.0", "sass-embedded": "^1.70.0", "stylus": ">=0.54.8", "sugarss": "^5.0.0", "terser": "^5.16.0", "tsx": "^4.8.1", "yaml": "^2.4.2" }, "optionalPeers": ["@types/node", "jiti", "less", "lightningcss", "sass", "sass-embedded", "stylus", "sugarss", "terser", "tsx", "yaml"], "bin": { "vite": "bin/vite.js" } }, "sha512-Bby3NOsna2jsjfLVOHKes8sGwgl4TT0E6vvpYgnAYDIF/tie7MRaFthmKuHx1NSXjiTueXH3do80FMQgvEktRg=="],

    "vitefu": ["vitefu@1.1.3", "", { "peerDependencies": { "vite": "^3.0.0 || ^4.0.0 || ^5.0.0 || ^6.0.0 || ^7.0.0 || ^8.0.0" }, "optionalPeers": ["vite"] }, "sha512-ub4okH7Z5KLjb6hDyjqrGXqWtWvoYdU3IGm/NorpgHncKoLTCfRIbvlhBm7r0YstIaQRYlp4yEbFqDcKSzXSSg=="],

    "vitest": ["vitest@4.1.5", "", { "dependencies": { "@vitest/expect": "4.1.5", "@vitest/mocker": "4.1.5", "@vitest/pretty-format": "4.1.5", "@vitest/runner": "4.1.5", "@vitest/snapshot": "4.1.5", "@vitest/spy": "4.1.5", "@vitest/utils": "4.1.5", "es-module-lexer": "^2.0.0", "expect-type": "^1.3.0", "magic-string": "^0.30.21", "obug": "^2.1.1", "pathe": "^2.0.3", "picomatch": "^4.0.3", "std-env": "^4.0.0-rc.1", "tinybench": "^2.9.0", "tinyexec": "^1.0.2", "tinyglobby": "^0.2.15", "tinyrainbow": "^3.1.0", "vite": "^6.0.0 || ^7.0.0 || ^8.0.0", "why-is-node-running": "^2.3.0" }, "peerDependencies": { "@edge-runtime/vm": "*", "@opentelemetry/api": "^1.9.0", "@types/node": "^20.0.0 || ^22.0.0 || >=24.0.0", "@vitest/browser-playwright": "4.1.5", "@vitest/browser-preview": "4.1.5", "@vitest/browser-webdriverio": "4.1.5", "@vitest/coverage-istanbul": "4.1.5", "@vitest/coverage-v8": "4.1.5", "@vitest/ui": "4.1.5", "happy-dom": "*", "jsdom": "*" }, "optionalPeers": ["@edge-runtime/vm", "@opentelemetry/api", "@types/node", "@vitest/browser-playwright", "@vitest/browser-preview", "@vitest/browser-webdriverio", "@vitest/coverage-istanbul", "@vitest/coverage-v8", "@vitest/ui", "happy-dom", "jsdom"], "bin": { "vitest": "vitest.mjs" } }, "sha512-9Xx1v3/ih3m9hN+SbfkUyy0JAs72ap3r7joc87XL6jwF0jGg6mFBvQ1SrwaX+h8BlkX6Hz9shdd1uo6AF+ZGpg=="],

    "w3c-xmlserializer": ["w3c-xmlserializer@5.0.0", "", { "dependencies": { "xml-name-validator": "^5.0.0" } }, "sha512-o8qghlI8NZHU1lLPrpi2+Uq7abh4GGPpYANlalzWxyWteJOCsr/P+oPBA49TOLu5FTZO4d3F9MnWJfiMo4BkmA=="],

    "webidl-conversions": ["webidl-conversions@8.0.1", "", {}, "sha512-BMhLD/Sw+GbJC21C/UgyaZX41nPt8bUTg+jWyDeg7e7YN4xOM05YPSIXceACnXVtqyEw/LMClUQMtMZ+PGGpqQ=="],

    "whatwg-mimetype": ["whatwg-mimetype@4.0.0", "", {}, "sha512-QaKxh0eNIi2mE9p2vEdzfagOKHCcj1pJ56EEHGQOVxp8r9/iszLUUV7v89x9O1p/T+NlTM5W7jW6+cz4Fq1YVg=="],

    "whatwg-url": ["whatwg-url@15.1.0", "", { "dependencies": { "tr46": "^6.0.0", "webidl-conversions": "^8.0.0" } }, "sha512-2ytDk0kiEj/yu90JOAp44PVPUkO9+jVhyf+SybKlRHSDlvOOZhdPIrr7xTH64l4WixO2cP+wQIcgujkGBPPz6g=="],

    "why-is-node-running": ["why-is-node-running@2.3.0", "", { "dependencies": { "siginfo": "^2.0.0", "stackback": "0.0.2" }, "bin": { "why-is-node-running": "cli.js" } }, "sha512-hUrmaWBdVDcxvYqnyh09zunKzROWjbZTiNy8dBEjkS7ehEDQibXJ7XvlmtbwuTclUiIyN+CyXQD4Vmko8fNm8w=="],

    "ws": ["ws@8.20.0", "", { "peerDependencies": { "bufferutil": "^4.0.1", "utf-8-validate": ">=5.0.2" }, "optionalPeers": ["bufferutil", "utf-8-validate"] }, "sha512-sAt8BhgNbzCtgGbt2OxmpuryO63ZoDk/sqaB/znQm94T4fCEsy/yV+7CdC1kJhOU9lboAEU7R3kquuycDoibVA=="],

    "xml-name-validator": ["xml-name-validator@5.0.0", "", {}, "sha512-EvGK8EJ3DhaHfbRlETOWAS5pO9MZITeauHKJyb8wyajUfQUenkIg2MvLDTZ4T/TgIcm3HU0TFBgWWboAZ30UHg=="],

    "xmlchars": ["xmlchars@2.2.0", "", {}, "sha512-JZnDKK8B0RCDw84FNdDAIpZK+JuJw+s7Lz8nksI7SIuU3UXJJslUthsi+uWBUYOwPFwW7W7PRLRfUKpxjtjFCw=="],

    "zimmerframe": ["zimmerframe@1.1.4", "", {}, "sha512-B58NGBEoc8Y9MWWCQGl/gq9xBCe4IiKM0a2x7GZdQKOW5Exr8S1W24J6OgM1njK8xCRGvAJIL/MxXHf6SkmQKQ=="],

    "@testing-library/dom/aria-query": ["aria-query@5.3.0", "", { "dependencies": { "dequal": "^2.0.3" } }, "sha512-b0P0sZPKtyu8HkeRAfCq0IfURZK+SuwMjY1UXGBU27wpAiTwQAIlq56IbIO+ytk/JjS1fMR14ee5WBBfKi5J6A=="],

    "data-urls/whatwg-mimetype": ["whatwg-mimetype@5.0.0", "", {}, "sha512-sXcNcHOC51uPGF0P/D4NVtrkjSU2fNsm9iog4ZvZJsL3rjoDAzXZhkm2MWt1y+PUdggKAYVoMAIYcs78wJ51Cw=="],
  }
}
